<?xml version="1.0" encoding="utf-8"?>
<Project ToolsVersion="4.0" xmlns="http://schemas.microsoft.com/developer/msbuild/2003">
  <ItemGroup>
    <Filter Include="Source Files">
      <UniqueIdentifier>{e84d2a13-161a-4938-ab2a-beb609357fea}</UniqueIdentifier>
      <Extensions>cpp;c;cxx;rc;def;r;odl;idl;hpj;bat</Extensions>
    </Filter>
    <Filter Include="Header Files">
      <UniqueIdentifier>{6df75c45-cf83-4365-b665-c40b167c72dd}</UniqueIdentifier>
      <Extensions>h;hpp;hxx;hm;inl</Extensions>
    </Filter>
    <Filter Include="Resource Files">
      <UniqueIdentifier>{f1c7f304-6e46-4a5a-a270-dd2ff8b39172}</UniqueIdentifier>
      <Extensions>ico;cur;bmp;dlg;rc2;rct;bin;rgs;gif;jpg;jpeg;jpe</Extensions>
    </Filter>
    <Filter Include="ezxml">
      <UniqueIdentifier>{cfa116bf-ab53-44bd-a2f4-a933cfa32ba2}</UniqueIdentifier>
    </Filter>
    <Filter Include="bzip2">
      <UniqueIdentifier>{464e222b-e398-4cc6-9a2b-fb46c727308c}</UniqueIdentifier>
    </Filter>
    <Filter Include="minizip">
      <UniqueIdentifier>{bfe67567-27a6-495c-a026-4accb16a029d}</UniqueIdentifier>
    </Filter>
    <Filter Include="Docs">
      <UniqueIdentifier>{46c355ac-e108-4d97-b351-0a0f93a19bb4}</UniqueIdentifier>
    </Filter>
    <Filter Include="Resource Files\icons">
      <UniqueIdentifier>{b09d6825-8aad-4abe-a275-2668bd15c70d}</UniqueIdentifier>
    </Filter>
  </ItemGroup>
  <ItemGroup>
    <ClCompile Include="zbin\minizip\ioapi.c">
      <Filter>minizip</Filter>
    </ClCompile>
    <ClCompile Include="zbin\minizip\ioapi_mem.c">
      <Filter>minizip</Filter>
    </ClCompile>
    <ClCompile Include="zbin\minizip\unzip.c">
      <Filter>minizip</Filter>
    </ClCompile>
    <ClCompile Include="bzip2-1.0.6\randtable.c">
      <Filter>bzip2</Filter>
    </ClCompile>
    <ClCompile Include="bzip2-1.0.6\huffman.c">
      <Filter>bzip2</Filter>
    </ClCompile>
    <ClCompile Include="bzip2-1.0.6\crctable.c">
      <Filter>bzip2</Filter>
    </ClCompile>
    <ClCompile Include="bzip2-1.0.6\bzlib.c">
      <Filter>bzip2</Filter>
    </ClCompile>
    <ClCompile Include="bzip2-1.0.6\decompress.c">
      <Filter>bzip2</Filter>
    </ClCompile>
    <ClCompile Include="bzip2-1.0.6\compress.c">
      <Filter>bzip2</Filter>
    </ClCompile>
    <ClCompile Include="bzip2-1.0.6\blocksort.c">
      <Filter>bzip2</Filter>
    </ClCompile>
    <ClCompile Include="src\allocations.cpp">
      <Filter>Source Files</Filter>
    </ClCompile>
    <ClCompile Include="src\conf_comp_dialog.cpp">
      <Filter>Source Files</Filter>
    </ClCompile>
    <ClCompile Include="src\conf_dialog.cpp">
      <Filter>Source Files</Filter>
    </ClCompile>
    <ClCompile Include="src\extern.cpp">
      <Filter>Source Files</Filter>
    </ClCompile>
    <ClCompile Include="src\icons.cpp">
      <Filter>Source Files</Filter>
    </ClCompile>
    <ClCompile Include="src\options.cpp">
      <Filter>Source Files</Filter>
    </ClCompile>
    <ClCompile Include="src\popups.cpp">
      <Filter>Source Files</Filter>
    </ClCompile>
    <ClCompile Include="src\progress_dialog.cpp">
      <Filter>Source Files</Filter>
    </ClCompile>
    <ClCompile Include="src\scan.cpp">
      <Filter>Source Files</Filter>
    </ClCompile>
    <ClCompile Include="src\services.cpp">
      <Filter>Source Files</Filter>
    </ClCompile>
    <ClCompile Include="src\socket.cpp">
      <Filter>Source Files</Filter>
    </ClCompile>
    <ClCompile Include="src\unzipfile.cpp">
      <Filter>Source Files</Filter>
    </ClCompile>
    <ClCompile Include="src\updater.cpp">
      <Filter>Source Files</Filter>
    </ClCompile>
    <ClCompile Include="src\utils.cpp">
      <Filter>Source Files</Filter>
    </ClCompile>
    <ClCompile Include="src\xmldata.cpp">
      <Filter>Source Files</Filter>
    </ClCompile>
    <ClCompile Include="ezxml\ezxml.c">
      <Filter>ezxml</Filter>
    </ClCompile>
  </ItemGroup>
  <ItemGroup>
    <ClInclude Include="updater.h">
      <Filter>Header Files</Filter>
    </ClInclude>
    <ClInclude Include="version.h">
      <Filter>Header Files</Filter>
    </ClInclude>
    <ClInclude Include="zbin\minizip\ioapi.h">
      <Filter>minizip</Filter>
    </ClInclude>
    <ClInclude Include="zbin\minizip\unzip.h">
      <Filter>minizip</Filter>
    </ClInclude>
    <ClInclude Include="bzip2-1.0.6\bzlib.h">
      <Filter>bzip2</Filter>
    </ClInclude>
    <ClInclude Include="src\allocations.h">
      <Filter>Header Files</Filter>
    </ClInclude>
    <ClInclude Include="src\common.h">
      <Filter>Header Files</Filter>
    </ClInclude>
    <ClInclude Include="src\conf_comp_dialog.h">
      <Filter>Header Files</Filter>
    </ClInclude>
    <ClInclude Include="src\conf_dialog.h">
      <Filter>Header Files</Filter>
    </ClInclude>
    <ClInclude Include="src\extern.h">
      <Filter>Header Files</Filter>
    </ClInclude>
    <ClInclude Include="src\icons.h">
      <Filter>Header Files</Filter>
    </ClInclude>
    <ClInclude Include="src\options.h">
      <Filter>Header Files</Filter>
    </ClInclude>
    <ClInclude Include="src\popups.h">
      <Filter>Header Files</Filter>
    </ClInclude>
    <ClInclude Include="src\progress_dialog.h">
      <Filter>Header Files</Filter>
    </ClInclude>
    <ClInclude Include="src\scan.h">
      <Filter>Header Files</Filter>
    </ClInclude>
    <ClInclude Include="src\services.h">
      <Filter>Header Files</Filter>
    </ClInclude>
    <ClInclude Include="src\socket.h">
      <Filter>Header Files</Filter>
    </ClInclude>
    <ClInclude Include="src\utils.h">
      <Filter>Header Files</Filter>
    </ClInclude>
    <ClInclude Include="src\xmldata.h">
      <Filter>Header Files</Filter>
    </ClInclude>
    <ClInclude Include="ezxml\ezxml.h">
      <Filter>ezxml</Filter>
    </ClInclude>
    <ClInclude Include="bzip2-1.0.6\bzlib_private.h">
      <Filter>bzip2</Filter>
    </ClInclude>
    <ClInclude Include="resource.h">
      <Filter>Resource Files</Filter>
    </ClInclude>
  </ItemGroup>
  <ItemGroup>
    <None Include="icos\restart.ico">
      <Filter>Resource Files\icons</Filter>
    </None>
    <None Include="icos\u.ico">
      <Filter>Resource Files\icons</Filter>
    </None>
    <None Include="icos\ue.ico">
      <Filter>Resource Files\icons</Filter>
    </None>
  </ItemGroup>
  <ItemGroup>
    <ResourceCompile Include="updater.rc">
      <Filter>Resource Files</Filter>
    </ResourceCompile>
    <ResourceCompile Include="version.rc">
      <Filter>Resource Files</Filter>
    </ResourceCompile>
  </ItemGroup>
  <ItemGroup>
    <Text Include="docs\README.COMPILATION.PROBLEMS.txt">
      <Filter>Docs</Filter>
    </Text>
    <Text Include="docs\bzip_license.txt">
      <Filter>Docs</Filter>
    </Text>
    <Text Include="docs\bzip2.txt">
      <Filter>Docs</Filter>
    </Text>
    <Text Include="docs\README  bzip2 and libzip2.txt">
      <Filter>Docs</Filter>
    </Text>
  </ItemGroup>
</Project>