<?xml version="1.0" encoding="utf-8"?>
<Project ToolsVersion="4.0" xmlns="http://schemas.microsoft.com/developer/msbuild/2003">
  <ItemGroup>
    <Filter Include="Source Files">
      <UniqueIdentifier>{a5d3095f-4b53-4f0d-aa86-7c1c110d5f16}</UniqueIdentifier>
      <Extensions>cpp;c;cxx;rc;def;r;odl;idl;hpj;bat</Extensions>
    </Filter>
    <Filter Include="Header Files">
      <UniqueIdentifier>{508e535b-c848-4435-acaa-246bb95fa9f9}</UniqueIdentifier>
      <Extensions>h;hpp;hxx;hm;inl</Extensions>
    </Filter>
    <Filter Include="Resource Files">
      <UniqueIdentifier>{520ce12c-5f98-47c6-a52a-2c46665efddd}</UniqueIdentifier>
      <Extensions>ico;cur;bmp;dlg;rc2;rct;bin;rgs;gif;jpg;jpeg;jpe</Extensions>
    </Filter>
    <Filter Include="docs">
      <UniqueIdentifier>{273a6a04-ec17-44ae-8e64-066e467d6b90}</UniqueIdentifier>
    </Filter>
    <Filter Include="Resource Files\icons">
      <UniqueIdentifier>{81ea8b07-dea9-4ee9-b39d-cc5b0893b09d}</UniqueIdentifier>
    </Filter>
  </ItemGroup>
  <ItemGroup>
    <ClCompile Include="src\images.c">
      <Filter>Source Files</Filter>
    </ClCompile>
    <ClCompile Include="src\options.c">
      <Filter>Source Files</Filter>
    </ClCompile>
    <ClCompile Include="src\main.c">
      <Filter>Source Files</Filter>
    </ClCompile>
  </ItemGroup>
  <ItemGroup>
    <ResourceCompile Include="resource.rc">
      <Filter>Resource Files</Filter>
    </ResourceCompile>
  </ItemGroup>
  <ItemGroup>
    <ClInclude Include="include\images.h">
      <Filter>Header Files</Filter>
    </ClInclude>
    <ClInclude Include="include\menuex.h">
      <Filter>Header Files</Filter>
    </ClInclude>
    <ClInclude Include="include\version.h">
      <Filter>Header Files</Filter>
    </ClInclude>
  </ItemGroup>
  <ItemGroup>
    <Text Include="docs\Changelog.txt">
      <Filter>docs</Filter>
    </Text>
  </ItemGroup>
  <ItemGroup>
    <Image Include="icons\Ignore_list.ico">
      <Filter>Resource Files\icons</Filter>
    </Image>
    <Image Include="icons\msg_status.ico">
      <Filter>Resource Files\icons</Filter>
    </Image>
    <Image Include="icons\msg_xStatus.ico">
      <Filter>Resource Files\icons</Filter>
    </Image>
    <Image Include="icons\Never Visible.ico">
      <Filter>Resource Files\icons</Filter>
    </Image>
    <Image Include="icons\recv_files.ico">
      <Filter>Resource Files\icons</Filter>
    </Image>
    <Image Include="icons\salad.right.ico">
      <Filter>Resource Files\icons</Filter>
    </Image>
    <Image Include="icons\show_in_list.ico">
      <Filter>Resource Files\icons</Filter>
    </Image>
    <Image Include="icons\Always Visible.ico">
      <Filter>Resource Files\icons</Filter>
    </Image>
    <Image Include="icons\auth_added.ico">
      <Filter>Resource Files\icons</Filter>
    </Image>
    <Image Include="icons\auth_ask.ico">
      <Filter>Resource Files\icons</Filter>
    </Image>
    <Image Include="icons\change_proto.ico">
      <Filter>Resource Files\icons</Filter>
    </Image>
    <Image Include="icons\CopyID_overlay.ico">
      <Filter>Resource Files\icons</Filter>
    </Image>
    <Image Include="icons\copyip_overlay.ico">
      <Filter>Resource Files\icons</Filter>
    </Image>
    <Image Include="icons\CopyMirVer.ico">
      <Filter>Resource Files\icons</Filter>
    </Image>
    <Image Include="icons\hide_from_list.ico">
      <Filter>Resource Files\icons</Filter>
    </Image>
  </ItemGroup>
</Project>