<?xml version="1.0" encoding="utf-8"?>
<Project ToolsVersion="4.0" xmlns="http://schemas.microsoft.com/developer/msbuild/2003">
  <ItemGroup>
    <Filter Include="Code">
      <UniqueIdentifier>{270284ff-aeb4-45b8-b27b-1c251a6f5ec8}</UniqueIdentifier>
      <Extensions>cpp;c;cxx;rc;def;r;odl;idl;hpj;bat</Extensions>
    </Filter>
    <Filter Include="Header">
      <UniqueIdentifier>{2f5194b0-f57f-436f-843a-0202d48559b2}</UniqueIdentifier>
      <Extensions>h;hpp;hxx;hm;inl</Extensions>
    </Filter>
    <Filter Include="Ressource">
      <UniqueIdentifier>{17846ddc-e06d-4c4a-8c47-72c0f8ec6303}</UniqueIdentifier>
      <Extensions>ico;cur;bmp;dlg;rc2;rct;bin;rgs;gif;jpg;jpeg;jpe</Extensions>
    </Filter>
  </ItemGroup>
  <ItemGroup>
    <ClCompile Include="debug.c">
      <Filter>Code</Filter>
    </ClCompile>
    <ClCompile Include="gchat.c">
      <Filter>Code</Filter>
    </ClCompile>
    <ClCompile Include="pthread.c">
      <Filter>Code</Filter>
    </ClCompile>
    <ClCompile Include="skype.c">
      <Filter>Code</Filter>
    </ClCompile>
    <ClCompile Include="skypeapi.c">
      <Filter>Code</Filter>
    </ClCompile>
    <ClCompile Include="skypeopt.c">
      <Filter>Code</Filter>
    </ClCompile>
    <ClCompile Include="skypeprofile.c">
      <Filter>Code</Filter>
    </ClCompile>
    <ClCompile Include="skypesvc.c">
      <Filter>Code</Filter>
    </ClCompile>
    <ClCompile Include="utf8.c">
      <Filter>Code</Filter>
    </ClCompile>
    <ClCompile Include="voiceservice.c">
      <Filter>Code</Filter>
    </ClCompile>
    <ClCompile Include="contacts.c">
      <Filter>Code</Filter>
    </ClCompile>
  </ItemGroup>
  <ItemGroup>
    <ClInclude Include="contacts.h">
      <Filter>Header</Filter>
    </ClInclude>
    <ClInclude Include="debug.h">
      <Filter>Header</Filter>
    </ClInclude>
    <ClInclude Include="gchat.h">
      <Filter>Header</Filter>
    </ClInclude>
    <ClInclude Include="pthread.h">
      <Filter>Header</Filter>
    </ClInclude>
    <ClInclude Include="skype.h">
      <Filter>Header</Filter>
    </ClInclude>
    <ClInclude Include="skypeapi.h">
      <Filter>Header</Filter>
    </ClInclude>
    <ClInclude Include="skypeopt.h">
      <Filter>Header</Filter>
    </ClInclude>
    <ClInclude Include="skypeprofile.h">
      <Filter>Header</Filter>
    </ClInclude>
    <ClInclude Include="skypesvc.h">
      <Filter>Header</Filter>
    </ClInclude>
    <ClInclude Include="utf8.h">
      <Filter>Header</Filter>
    </ClInclude>
    <ClInclude Include="voiceservice.h">
      <Filter>Header</Filter>
    </ClInclude>
    <ClInclude Include="resource.h">
      <Filter>Ressource</Filter>
    </ClInclude>
    <ClInclude Include="ezxml\ezxml.h">
      <Filter>Header</Filter>
    </ClInclude>
    <ClInclude Include="..\..\Include\m_chat.h">
      <Filter>Header</Filter>
    </ClInclude>
    <ClInclude Include="..\..\ExternalAPI\m_toptoolbar.h">
      <Filter>Header</Filter>
    </ClInclude>
    <ClInclude Include="..\..\ExternalAPI\m_popup2.h">
      <Filter>Header</Filter>
    </ClInclude>
  </ItemGroup>
  <ItemGroup>
    <None Include="res\add.ico">
      <Filter>Ressource</Filter>
    </None>
    <None Include="res\away.ico">
      <Filter>Ressource</Filter>
    </None>
    <None Include="res\call.bmp">
      <Filter>Ressource</Filter>
    </None>
    <None Include="res\call.ico">
      <Filter>Ressource</Filter>
    </None>
    <None Include="res\chat.ico">
      <Filter>Ressource</Filter>
    </None>
    <None Include="res\DND.ico">
      <Filter>Ressource</Filter>
    </None>
    <None Include="res\error.ico">
      <Filter>Ressource</Filter>
    </None>
    <None Include="res\hang_up.ico">
      <Filter>Ressource</Filter>
    </None>
    <None Include="res\hold.ico">
      <Filter>Ressource</Filter>
    </None>
    <None Include="res\import.ico">
      <Filter>Ressource</Filter>
    </None>
    <None Include="res\invisible.ico">
      <Filter>Ressource</Filter>
    </None>
    <None Include="res\Invite.ico">
      <Filter>Ressource</Filter>
    </None>
    <None Include="res\message.ico">
      <Filter>Ressource</Filter>
    </None>
    <None Include="res\NA.ico">
      <Filter>Ressource</Filter>
    </None>
    <None Include="res\occupied.ico">
      <Filter>Ressource</Filter>
    </None>
    <None Include="res\offline.ico">
      <Filter>Ressource</Filter>
    </None>
    <None Include="res\online.ico">
      <Filter>Ressource</Filter>
    </None>
    <None Include="res\phone.ico">
      <Filter>Ressource</Filter>
    </None>
    <None Include="res\resume.ico">
      <Filter>Ressource</Filter>
    </None>
    <None Include="res\skype.ico">
      <Filter>Ressource</Filter>
    </None>
    <None Include="res\skypeout.ico">
      <Filter>Ressource</Filter>
    </None>
    <None Include="changelog.txt" />
  </ItemGroup>
  <ItemGroup>
    <ResourceCompile Include="Skript1.rc">
      <Filter>Ressource</Filter>
    </ResourceCompile>
  </ItemGroup>
</Project>