<?xml version="1.0" encoding="utf-8"?>
<Project ToolsVersion="4.0" xmlns="http://schemas.microsoft.com/developer/msbuild/2003">
  <ItemGroup>
    <Filter Include="Source Files">
      <UniqueIdentifier>{d3338c6e-ec8c-412b-ab25-50d97757d1c2}</UniqueIdentifier>
      <Extensions>cpp;c;cxx;rc;def;r;odl;idl;hpj;bat</Extensions>
    </Filter>
    <Filter Include="Source Files\chat">
      <UniqueIdentifier>{56427e3d-d269-438f-b4ea-c170bd920dc3}</UniqueIdentifier>
    </Filter>
    <Filter Include="Header Files">
      <UniqueIdentifier>{c6f77fbc-2b2a-48c9-b9c9-73d4f0f73fb3}</UniqueIdentifier>
      <Extensions>h;hpp;hxx;hm;inl</Extensions>
    </Filter>
    <Filter Include="Header Files\chat">
      <UniqueIdentifier>{b1d0ab9c-9a6b-4f3b-9697-560060e476ec}</UniqueIdentifier>
    </Filter>
    <Filter Include="Resource Files">
      <UniqueIdentifier>{8b31b6e6-ed45-4468-b82e-965e2154ef0c}</UniqueIdentifier>
      <Extensions>ico;cur;bmp;dlg;rc2;rct;bin;rgs;gif;jpg;jpeg;jpe</Extensions>
    </Filter>
    <Filter Include="Resource Files\chat">
      <UniqueIdentifier>{8caf6eda-a9d5-4a96-a8e4-4667b3ea8012}</UniqueIdentifier>
    </Filter>
    <Filter Include="docs">
      <UniqueIdentifier>{5cbfee48-dd06-43d1-8cc0-8619749e6fbd}</UniqueIdentifier>
    </Filter>
  </ItemGroup>
  <ItemGroup>
    <ClCompile Include="chat\clist.c">
      <Filter>Source Files\chat</Filter>
    </ClCompile>
    <ClCompile Include="chat\colorchooser.c">
      <Filter>Source Files\chat</Filter>
    </ClCompile>
    <ClCompile Include="chat\log.c">
      <Filter>Source Files\chat</Filter>
    </ClCompile>
    <ClCompile Include="chat\main.c">
      <Filter>Source Files\chat</Filter>
    </ClCompile>
    <ClCompile Include="chat\manager.c">
      <Filter>Source Files\chat</Filter>
    </ClCompile>
    <ClCompile Include="chat\message.c">
      <Filter>Source Files\chat</Filter>
    </ClCompile>
    <ClCompile Include="chat\options.c">
      <Filter>Source Files\chat</Filter>
    </ClCompile>
    <ClCompile Include="chat\services.c">
      <Filter>Source Files\chat</Filter>
    </ClCompile>
    <ClCompile Include="chat\tools.c">
      <Filter>Source Files\chat</Filter>
    </ClCompile>
    <ClCompile Include="chat\window.c">
      <Filter>Source Files\chat</Filter>
    </ClCompile>
    <ClCompile Include="src\sendqueue.c">
      <Filter>Source Files</Filter>
    </ClCompile>
    <ClCompile Include="src\statusicon.c">
      <Filter>Source Files</Filter>
    </ClCompile>
    <ClCompile Include="src\utils.c">
      <Filter>Source Files</Filter>
    </ClCompile>
    <ClCompile Include="src\srmm.c">
      <Filter>Source Files</Filter>
    </ClCompile>
    <ClCompile Include="src\cmdlist.c">
      <Filter>Source Files</Filter>
    </ClCompile>
    <ClCompile Include="src\globals.c">
      <Filter>Source Files</Filter>
    </ClCompile>
    <ClCompile Include="src\infobar.c">
      <Filter>Source Files</Filter>
    </ClCompile>
    <ClCompile Include="src\input.c">
      <Filter>Source Files</Filter>
    </ClCompile>
    <ClCompile Include="src\msgdialog.c">
      <Filter>Source Files</Filter>
    </ClCompile>
    <ClCompile Include="src\msglog.c">
      <Filter>Source Files</Filter>
    </ClCompile>
    <ClCompile Include="src\msgoptions.c">
      <Filter>Source Files</Filter>
    </ClCompile>
    <ClCompile Include="src\msgtimedout.c">
      <Filter>Source Files</Filter>
    </ClCompile>
    <ClCompile Include="src\msgwindow.c">
      <Filter>Source Files</Filter>
    </ClCompile>
    <ClCompile Include="src\richutil.c">
      <Filter>Source Files</Filter>
    </ClCompile>
    <ClCompile Include="src\msgs.c">
      <Filter>Source Files</Filter>
    </ClCompile>
  </ItemGroup>
  <ItemGroup>
    <ClInclude Include="chat\chat.h">
      <Filter>Header Files\chat</Filter>
    </ClInclude>
    <ClInclude Include="src\commonheaders.h">
      <Filter>Header Files</Filter>
    </ClInclude>
    <ClInclude Include="src\infobar.h">
      <Filter>Header Files</Filter>
    </ClInclude>
    <ClInclude Include="src\input.h">
      <Filter>Header Files</Filter>
    </ClInclude>
    <ClInclude Include="src\msgwindow.h">
      <Filter>Header Files</Filter>
    </ClInclude>
    <ClInclude Include="src\multimon.h">
      <Filter>Header Files</Filter>
    </ClInclude>
    <ClInclude Include="src\resource.h">
      <Filter>Header Files</Filter>
    </ClInclude>
    <ClInclude Include="src\richutil.h">
      <Filter>Header Files</Filter>
    </ClInclude>
  </ItemGroup>
  <ItemGroup>
    <None Include="Docs\scriver-readme.txt">
      <Filter>docs</Filter>
    </None>
    <None Include="Docs\scriver-translation.txt">
      <Filter>docs</Filter>
    </None>
    <None Include="res\chat\window.ico">
      <Filter>Resource Files\chat</Filter>
    </None>
    <None Include="res\chat\1.ico">
      <Filter>Resource Files\chat</Filter>
    </None>
    <None Include="res\chat\2.ico">
      <Filter>Resource Files\chat</Filter>
    </None>
    <None Include="res\chat\3.ico">
      <Filter>Resource Files\chat</Filter>
    </None>
    <None Include="res\chat\4.ico">
      <Filter>Resource Files\chat</Filter>
    </None>
    <None Include="res\chat\5.ico">
      <Filter>Resource Files\chat</Filter>
    </None>
    <None Include="res\chat\6.ico">
      <Filter>Resource Files\chat</Filter>
    </None>
    <None Include="res\chat\action.ico">
      <Filter>Resource Files\chat</Filter>
    </None>
    <None Include="res\chat\addmode.ico">
      <Filter>Resource Files\chat</Filter>
    </None>
    <None Include="res\chat\bkgcolor.ico">
      <Filter>Resource Files\chat</Filter>
    </None>
    <None Include="res\chat\bold.ico">
      <Filter>Resource Files\chat</Filter>
    </None>
    <None Include="res\chat\color.ico">
      <Filter>Resource Files\chat</Filter>
    </None>
    <None Include="res\chat\filter.ico">
      <Filter>Resource Files\chat</Filter>
    </None>
    <None Include="res\chat\filter2.ico">
      <Filter>Resource Files\chat</Filter>
    </None>
    <None Include="res\chat\info.ico">
      <Filter>Resource Files\chat</Filter>
    </None>
    <None Include="res\chat\italic.ico">
      <Filter>Resource Files\chat</Filter>
    </None>
    <None Include="res\chat\join.ico">
      <Filter>Resource Files\chat</Filter>
    </None>
    <None Include="res\chat\kick.ico">
      <Filter>Resource Files\chat</Filter>
    </None>
    <None Include="res\chat\nick.ico">
      <Filter>Resource Files\chat</Filter>
    </None>
    <None Include="res\chat\nicklist.ico">
      <Filter>Resource Files\chat</Filter>
    </None>
    <None Include="res\chat\nicklist2.ico">
      <Filter>Resource Files\chat</Filter>
    </None>
    <None Include="res\chat\notice.ico">
      <Filter>Resource Files\chat</Filter>
    </None>
    <None Include="res\chat\overlay.ico">
      <Filter>Resource Files\chat</Filter>
    </None>
    <None Include="res\chat\part.ico">
      <Filter>Resource Files\chat</Filter>
    </None>
    <None Include="res\chat\quit.ico">
      <Filter>Resource Files\chat</Filter>
    </None>
    <None Include="res\chat\removestatus.ico">
      <Filter>Resource Files\chat</Filter>
    </None>
    <None Include="res\chat\topic.ico">
      <Filter>Resource Files\chat</Filter>
    </None>
    <None Include="res\chat\topicbut.ico">
      <Filter>Resource Files\chat</Filter>
    </None>
    <None Include="res\chat\underline.ico">
      <Filter>Resource Files\chat</Filter>
    </None>
    <None Include="res\addcontact.ico">
      <Filter>Resource Files</Filter>
    </None>
    <None Include="res\ansi.ico">
      <Filter>Resource Files</Filter>
    </None>
    <None Include="res\bing.ico">
      <Filter>Resource Files</Filter>
    </None>
    <None Include="res\clock.ico">
      <Filter>Resource Files</Filter>
    </None>
    <None Include="res\closex.ico">
      <Filter>Resource Files</Filter>
    </None>
    <None Include="res\delete.ico">
      <Filter>Resource Files</Filter>
    </None>
    <None Include="res\details.ico">
      <Filter>Resource Files</Filter>
    </None>
    <None Include="res\downarrow.ico">
      <Filter>Resource Files</Filter>
    </None>
    <None Include="res\dragcopy.cur">
      <Filter>Resource Files</Filter>
    </None>
    <None Include="res\foodnetwork.ico">
      <Filter>Resource Files</Filter>
    </None>
    <None Include="res\google.ico">
      <Filter>Resource Files</Filter>
    </None>
    <None Include="res\highlight.ico">
      <Filter>Resource Files</Filter>
    </None>
    <None Include="res\history.ico">
      <Filter>Resource Files</Filter>
    </None>
    <None Include="res\hyperlin.cur">
      <Filter>Resource Files</Filter>
    </None>
    <None Include="res\message.ico">
      <Filter>Resource Files</Filter>
    </None>
    <None Include="res\messageout.ico">
      <Filter>Resource Files</Filter>
    </None>
    <None Include="res\quote.ico">
      <Filter>Resource Files</Filter>
    </None>
    <None Include="res\send.ico">
      <Filter>Resource Files</Filter>
    </None>
    <None Include="res\smiley.ico">
      <Filter>Resource Files</Filter>
    </None>
    <None Include="res\typing.ico">
      <Filter>Resource Files</Filter>
    </None>
    <None Include="res\typingoff.ico">
      <Filter>Resource Files</Filter>
    </None>
    <None Include="res\unicode.ico">
      <Filter>Resource Files</Filter>
    </None>
    <None Include="res\wikipedia.ico">
      <Filter>Resource Files</Filter>
    </None>
    <None Include="res\yahoo.ico">
      <Filter>Resource Files</Filter>
    </None>
  </ItemGroup>
  <ItemGroup>
    <ResourceCompile Include="src\resource.rc">
      <Filter>Resource Files</Filter>
    </ResourceCompile>
  </ItemGroup>
  <ItemGroup>
    <Image Include="res\gmaps.ico">
      <Filter>Resource Files</Filter>
    </Image>
    <Image Include="res\gtranslate.ico">
      <Filter>Resource Files</Filter>
    </Image>
  </ItemGroup>
</Project>