<?xml version="1.0" encoding="utf-8"?>
<Project ToolsVersion="4.0" xmlns="http://schemas.microsoft.com/developer/msbuild/2003">
  <ItemGroup>
    <Filter Include="Source Files">
      <UniqueIdentifier>{acd9fb16-265c-4089-8acb-6ed7850f28b1}</UniqueIdentifier>
      <Extensions>cpp;c;cxx;rc;def;r;odl;idl;hpj;bat</Extensions>
    </Filter>
    <Filter Include="Header Files">
      <UniqueIdentifier>{0b78020a-6038-4640-b883-e0079232553a}</UniqueIdentifier>
      <Extensions>h;hpp;hxx;hm;inl</Extensions>
    </Filter>
    <Filter Include="Resource Files">
      <UniqueIdentifier>{5244a2e9-901b-4bc1-9429-a0721a2f1950}</UniqueIdentifier>
      <Extensions>ico;cur;bmp;dlg;rc2;rct;bin;rgs;gif;jpg;jpeg;jpe</Extensions>
    </Filter>
    <Filter Include="Docs">
      <UniqueIdentifier>{0571dae1-c44c-4b44-a974-dc6daea7863a}</UniqueIdentifier>
    </Filter>
  </ItemGroup>
  <ItemGroup>
    <ClCompile Include="src\commonheaders.c">
      <Filter>Source Files</Filter>
    </ClCompile>
    <ClCompile Include="src\database.c">
      <Filter>Source Files</Filter>
    </ClCompile>
    <ClCompile Include="src\dbcache.c">
      <Filter>Source Files</Filter>
    </ClCompile>
    <ClCompile Include="src\dbcontacts.c">
      <Filter>Source Files</Filter>
    </ClCompile>
    <ClCompile Include="src\dbevents.c">
      <Filter>Source Files</Filter>
    </ClCompile>
    <ClCompile Include="src\dbheaders.c">
      <Filter>Source Files</Filter>
    </ClCompile>
    <ClCompile Include="src\dbmodulechain.c">
      <Filter>Source Files</Filter>
    </ClCompile>
    <ClCompile Include="src\dbpreset.c">
      <Filter>Source Files</Filter>
    </ClCompile>
    <ClCompile Include="src\dbsettings.c">
      <Filter>Source Files</Filter>
    </ClCompile>
    <ClCompile Include="src\dialogs.c">
      <Filter>Source Files</Filter>
    </ClCompile>
    <ClCompile Include="src\encrypt.c">
      <Filter>Source Files</Filter>
    </ClCompile>
    <ClCompile Include="src\init.c">
      <Filter>Source Files</Filter>
    </ClCompile>
    <ClCompile Include="src\security.c">
      <Filter>Source Files</Filter>
    </ClCompile>
  </ItemGroup>
  <ItemGroup>
    <ClInclude Include="src\commonheaders.h">
      <Filter>Header Files</Filter>
    </ClInclude>
    <ClInclude Include="src\database.h">
      <Filter>Header Files</Filter>
    </ClInclude>
    <ClInclude Include="src\options.h">
      <Filter>Header Files</Filter>
    </ClInclude>
    <ClInclude Include="src\resource.h">
      <Filter>Header Files</Filter>
    </ClInclude>
    <ClInclude Include="src\version.h">
      <Filter>Header Files</Filter>
    </ClInclude>
  </ItemGroup>
  <ItemGroup>
    <ResourceCompile Include="src\db3x_mmap.rc">
      <Filter>Resource Files</Filter>
    </ResourceCompile>
    <ResourceCompile Include="src\version.rc">
      <Filter>Resource Files</Filter>
    </ResourceCompile>
  </ItemGroup>
  <ItemGroup>
    <None Include="icos\logo.ico">
      <Filter>Resource Files</Filter>
    </None>
    <None Include="icos\pass.ico">
      <Filter>Resource Files</Filter>
    </None>
    <None Include="icos\restart.ico">
      <Filter>Resource Files</Filter>
    </None>
    <None Include="icos\backup.ico">
      <Filter>Resource Files</Filter>
    </None>
  </ItemGroup>
  <ItemGroup>
    <Text Include="dbtool\docs\langpack_dbtool.txt">
      <Filter>Docs</Filter>
    </Text>
  </ItemGroup>
</Project>