<?xml version="1.0" encoding="utf-8"?>
<Project ToolsVersion="4.0" xmlns="http://schemas.microsoft.com/developer/msbuild/2003">
  <ItemGroup>
    <Filter Include="Source Files">
      <UniqueIdentifier>{4FC737F1-C7A5-4376-A066-2A32D752A2FF}</UniqueIdentifier>
      <Extensions>cpp;c;cc;cxx;def;odl;idl;hpj;bat;asm;asmx</Extensions>
    </Filter>
    <Filter Include="Source Files\JSON_CAJUN">
      <UniqueIdentifier>{1aa94a4b-c50c-4c3c-a952-40e7c1dde765}</UniqueIdentifier>
    </Filter>
    <Filter Include="Header Files">
      <UniqueIdentifier>{93995380-89BD-4b04-88EB-625FBE52EBFB}</UniqueIdentifier>
      <Extensions>h;hpp;hxx;hm;inl;inc;xsd</Extensions>
    </Filter>
    <Filter Include="Resource Files">
      <UniqueIdentifier>{67DA6AB6-F800-4c08-8B7A-83BB121AAD01}</UniqueIdentifier>
      <Extensions>rc;ico;cur;bmp;dlg;rc2;rct;bin;rgs;gif;jpg;jpeg;jpe;resx;tiff;tif;png;wav</Extensions>
    </Filter>
    <Filter Include="docs">
      <UniqueIdentifier>{63fc793e-7512-4954-b405-d0691cbc5a35}</UniqueIdentifier>
    </Filter>
    <Filter Include="docs\JSON_CAJUN">
      <UniqueIdentifier>{a7b811ed-2cd2-48a7-9500-85416b14a21e}</UniqueIdentifier>
    </Filter>
  </ItemGroup>
  <ItemGroup>
    <ClCompile Include="src\avatars.cpp">
      <Filter>Source Files</Filter>
    </ClCompile>
    <ClCompile Include="src\chat.cpp">
      <Filter>Source Files</Filter>
    </ClCompile>
    <ClCompile Include="src\communication.cpp">
      <Filter>Source Files</Filter>
    </ClCompile>
    <ClCompile Include="src\connection.cpp">
      <Filter>Source Files</Filter>
    </ClCompile>
    <ClCompile Include="src\contacts.cpp">
      <Filter>Source Files</Filter>
    </ClCompile>
    <ClCompile Include="src\dialogs.cpp">
      <Filter>Source Files</Filter>
    </ClCompile>
    <ClCompile Include="src\events.cpp">
      <Filter>Source Files</Filter>
    </ClCompile>
    <ClCompile Include="src\http.cpp">
      <Filter>Source Files</Filter>
    </ClCompile>
    <ClCompile Include="src\json.cpp">
      <Filter>Source Files</Filter>
    </ClCompile>
    <ClCompile Include="src\main.cpp">
      <Filter>Source Files</Filter>
    </ClCompile>
    <ClCompile Include="src\messages.cpp">
      <Filter>Source Files</Filter>
    </ClCompile>
    <ClCompile Include="src\process.cpp">
      <Filter>Source Files</Filter>
    </ClCompile>
    <ClCompile Include="src\proto.cpp">
      <Filter>Source Files</Filter>
    </ClCompile>
    <ClCompile Include="src\stubs.cpp">
      <Filter>Source Files</Filter>
    </ClCompile>
    <ClCompile Include="src\theme.cpp">
      <Filter>Source Files</Filter>
    </ClCompile>
    <ClCompile Include="src\utils.cpp">
      <Filter>Source Files</Filter>
    </ClCompile>
  </ItemGroup>
  <ItemGroup>
    <ClInclude Include="JSON_CAJUN\elements.h">
      <Filter>Source Files\JSON_CAJUN</Filter>
    </ClInclude>
    <ClInclude Include="JSON_CAJUN\reader.h">
      <Filter>Source Files\JSON_CAJUN</Filter>
    </ClInclude>
    <ClInclude Include="JSON_CAJUN\visitor.h">
      <Filter>Source Files\JSON_CAJUN</Filter>
    </ClInclude>
    <ClInclude Include="JSON_CAJUN\writer.h">
      <Filter>Source Files\JSON_CAJUN</Filter>
    </ClInclude>
    <ClInclude Include="src\avatars.h">
      <Filter>Header Files</Filter>
    </ClInclude>
    <ClInclude Include="src\client.h">
      <Filter>Header Files</Filter>
    </ClInclude>
    <ClInclude Include="src\common.h">
      <Filter>Header Files</Filter>
    </ClInclude>
    <ClInclude Include="src\constants.h">
      <Filter>Header Files</Filter>
    </ClInclude>
    <ClInclude Include="src\db.h">
      <Filter>Header Files</Filter>
    </ClInclude>
    <ClInclude Include="src\definitions.h">
      <Filter>Header Files</Filter>
    </ClInclude>
    <ClInclude Include="src\dialogs.h">
      <Filter>Header Files</Filter>
    </ClInclude>
    <ClInclude Include="src\entities.h">
      <Filter>Header Files</Filter>
    </ClInclude>
    <ClInclude Include="src\http.h">
      <Filter>Header Files</Filter>
    </ClInclude>
    <ClInclude Include="src\json.h">
      <Filter>Header Files</Filter>
    </ClInclude>
    <ClInclude Include="src\proto.h">
      <Filter>Header Files</Filter>
    </ClInclude>
    <ClInclude Include="src\theme.h">
      <Filter>Header Files</Filter>
    </ClInclude>
    <ClInclude Include="src\utils.h">
      <Filter>Header Files</Filter>
    </ClInclude>
    <ClInclude Include="src\list.hpp">
      <Filter>Source Files</Filter>
    </ClInclude>
    <ClInclude Include="build.h">
      <Filter>Header Files</Filter>
    </ClInclude>
    <ClInclude Include="src\resource.h">
      <Filter>Resource Files</Filter>
    </ClInclude>
  </ItemGroup>
  <ItemGroup>
    <None Include="JSON_CAJUN\elements.inl">
      <Filter>Source Files\JSON_CAJUN</Filter>
    </None>
    <None Include="JSON_CAJUN\reader.inl">
      <Filter>Source Files\JSON_CAJUN</Filter>
    </None>
    <None Include="JSON_CAJUN\writer.inl">
      <Filter>Source Files\JSON_CAJUN</Filter>
    </None>
    <None Include="icons\facebook.ico">
      <Filter>Resource Files</Filter>
    </None>
    <None Include="icons\mind.ico">
      <Filter>Resource Files</Filter>
    </None>
    <None Include="docs\changelog.txt">
      <Filter>docs</Filter>
    </None>
    <None Include="JSON_CAJUN\docs\Readme.txt">
      <Filter>docs\JSON_CAJUN</Filter>
    </None>
    <None Include="JSON_CAJUN\docs\ReleaseNotes.txt">
      <Filter>docs\JSON_CAJUN</Filter>
    </None>
  </ItemGroup>
  <ItemGroup>
    <ResourceCompile Include="facebook.rc">
      <Filter>Resource Files</Filter>
    </ResourceCompile>
  </ItemGroup>
</Project>