<?xml version="1.0" encoding="utf-8"?>
<Project ToolsVersion="4.0" xmlns="http://schemas.microsoft.com/developer/msbuild/2003">
  <ItemGroup>
    <ClInclude Include="resource.h" />
    <ClInclude Include="SDK\m_historyevents.h">
      <Filter>SDK</Filter>
    </ClInclude>
    <ClInclude Include="src\popup.h">
      <Filter>Header Files</Filter>
    </ClInclude>
    <ClInclude Include="src\AvatarHistory.h">
      <Filter>Header Files</Filter>
    </ClInclude>
    <ClInclude Include="SDK\m_avatarhist.h">
      <Filter>SDK</Filter>
    </ClInclude>
  </ItemGroup>
  <ItemGroup>
    <ClCompile Include="src\AvatarHistory.cpp">
      <Filter>Source Files</Filter>
    </ClCompile>
    <ClCompile Include="src\AvatarDlg.cpp">
      <Filter>Source Files</Filter>
    </ClCompile>
    <ClCompile Include="src\icolib.cpp">
      <Filter>Source Files</Filter>
    </ClCompile>
    <ClCompile Include="src\options.cpp">
      <Filter>Source Files</Filter>
    </ClCompile>
    <ClCompile Include="src\popup.cpp">
      <Filter>Source Files</Filter>
    </ClCompile>
  </ItemGroup>
  <ItemGroup>
    <Filter Include="Docs">
      <UniqueIdentifier>{a4a71b18-38b6-41bc-8ce8-b71881835752}</UniqueIdentifier>
    </Filter>
    <Filter Include="Resource Files">
      <UniqueIdentifier>{b6c794b3-8fc6-49c0-a09e-0c7e188c2599}</UniqueIdentifier>
    </Filter>
    <Filter Include="Source Files">
      <UniqueIdentifier>{fa086452-9e87-40ba-8e1b-91a1a8040791}</UniqueIdentifier>
    </Filter>
    <Filter Include="SDK">
      <UniqueIdentifier>{b0ae4c26-6842-4000-a7ed-aa6dbc3fbfd1}</UniqueIdentifier>
    </Filter>
    <Filter Include="Header Files">
      <UniqueIdentifier>{12183d7d-8894-4790-a300-c5588be64913}</UniqueIdentifier>
    </Filter>
  </ItemGroup>
  <ItemGroup>
    <Text Include="Docs\langpack_avatarhist.txt">
      <Filter>Docs</Filter>
    </Text>
    <Text Include="Docs\avatarhist_changelog.txt">
      <Filter>Docs</Filter>
    </Text>
    <Text Include="Docs\avatarhist_readme.txt">
      <Filter>Docs</Filter>
    </Text>
    <Text Include="Docs\avatarhist_version.txt">
      <Filter>Docs</Filter>
    </Text>
  </ItemGroup>
  <ItemGroup>
    <Image Include="Docs\avatarhist.png">
      <Filter>Docs</Filter>
    </Image>
    <Image Include="Icons\history.ico">
      <Filter>Resource Files</Filter>
    </Image>
    <Image Include="Icons\AvatarOverlay.ico">
      <Filter>Resource Files</Filter>
    </Image>
  </ItemGroup>
  <ItemGroup>
    <ResourceCompile Include="AvatarHistory.rc">
      <Filter>Resource Files</Filter>
    </ResourceCompile>
  </ItemGroup>
</Project>