<?xml version="1.0" encoding="utf-8"?>
<Project ToolsVersion="4.0" xmlns="http://schemas.microsoft.com/developer/msbuild/2003">
  <ItemGroup>
    <Filter Include="Source Files">
      <UniqueIdentifier>{6b4e1ccd-408b-439a-a801-c34e7f8f3f7f}</UniqueIdentifier>
      <Extensions>cpp;c;cxx;rc;def;r;odl;idl;hpj;bat</Extensions>
    </Filter>
    <Filter Include="Header Files">
      <UniqueIdentifier>{c3eaa3a4-7e1d-44a7-9c47-9722f2db8603}</UniqueIdentifier>
      <Extensions>h;hpp;hxx;hm;inl</Extensions>
    </Filter>
    <Filter Include="Resource Files">
      <UniqueIdentifier>{84e0cae3-d6a7-4792-a808-7c015ba5af98}</UniqueIdentifier>
      <Extensions>ico;cur;bmp;dlg;rc2;rct;bin;rgs;gif;jpg;jpeg;jpe</Extensions>
    </Filter>
    <Filter Include="docs">
      <UniqueIdentifier>{eebd7dd9-ad3b-4cdf-9db2-88ffb9c9f996}</UniqueIdentifier>
    </Filter>
    <Filter Include="docs\translation template">
      <UniqueIdentifier>{2a22c3af-eea5-4684-9448-3cd39b21b0d3}</UniqueIdentifier>
    </Filter>
  </ItemGroup>
  <ItemGroup>
    <ClCompile Include="src\addto.c">
      <Filter>Source Files</Filter>
    </ClCompile>
    <ClCompile Include="src\edit.c">
      <Filter>Source Files</Filter>
    </ClCompile>
    <ClCompile Include="src\icons.c">
      <Filter>Source Files</Filter>
    </ClCompile>
    <ClCompile Include="src\meta_api.c">
      <Filter>Source Files</Filter>
    </ClCompile>
    <ClCompile Include="src\meta_main.c">
      <Filter>Source Files</Filter>
    </ClCompile>
    <ClCompile Include="src\meta_menu.c">
      <Filter>Source Files</Filter>
    </ClCompile>
    <ClCompile Include="src\meta_options.c">
      <Filter>Source Files</Filter>
    </ClCompile>
    <ClCompile Include="src\meta_services.c">
      <Filter>Source Files</Filter>
    </ClCompile>
    <ClCompile Include="src\meta_utils.c">
      <Filter>Source Files</Filter>
    </ClCompile>
  </ItemGroup>
  <ItemGroup>
    <ClInclude Include="src\metacontacts.h">
      <Filter>Header Files</Filter>
    </ClInclude>
    <ClInclude Include="include\resource.h">
      <Filter>Resource Files</Filter>
    </ClInclude>
    <ClInclude Include="include\version.h">
      <Filter>Header Files</Filter>
    </ClInclude>
  </ItemGroup>
  <ItemGroup>
    <None Include="icons\mcmenuof.ico">
      <Filter>Resource Files</Filter>
    </None>
    <None Include="icons\mcmenuoff2.ico">
      <Filter>Resource Files</Filter>
    </None>
    <None Include="icons\meta_add.ico">
      <Filter>Resource Files</Filter>
    </None>
    <None Include="icons\meta_convert.ico">
      <Filter>Resource Files</Filter>
    </None>
    <None Include="icons\meta_edit.ico">
      <Filter>Resource Files</Filter>
    </None>
    <None Include="icons\meta_remove2.ico">
      <Filter>Resource Files</Filter>
    </None>
    <None Include="icons\meta_set_as_default.ico">
      <Filter>Resource Files</Filter>
    </None>
    <None Include="icons\mcmenu.ico">
      <Filter>Resource Files</Filter>
    </None>
    <None Include="docs\metacontacts_template.txt">
      <Filter>docs\translation template</Filter>
    </None>
  </ItemGroup>
  <ItemGroup>
    <ResourceCompile Include="MetaContacts.rc">
      <Filter>Resource Files</Filter>
    </ResourceCompile>
    <ResourceCompile Include="version.rc">
      <Filter>Resource Files</Filter>
    </ResourceCompile>
  </ItemGroup>
</Project>