<?xml version="1.0" encoding="utf-8"?>
<Project ToolsVersion="4.0" xmlns="http://schemas.microsoft.com/developer/msbuild/2003">
  <ItemGroup>
    <ClCompile Include="src\ActionsHandler.cpp">
      <Filter>Source Files</Filter>
    </ClCompile>
    <ClCompile Include="src\GUI\AddRuleDlg.cpp">
      <Filter>Source Files\GUI</Filter>
    </ClCompile>
    <ClCompile Include="src\comfunc.cpp">
      <Filter>Source Files</Filter>
    </ClCompile>
    <ClCompile Include="src\Crc32Static.cpp">
      <Filter>Source Files</Filter>
    </ClCompile>
    <ClCompile Include="src\CrushLog.cpp">
      <Filter>Source Files</Filter>
    </ClCompile>
    <ClCompile Include="src\GUI\EditReplyDlg.cpp">
      <Filter>Source Files\GUI</Filter>
    </ClCompile>
    <ClCompile Include="src\GUI\OptionsDlg.cpp">
      <Filter>Source Files\GUI</Filter>
    </ClCompile>
    <ClCompile Include="src\MessagesHandler.cpp">
      <Filter>Source Files</Filter>
    </ClCompile>
    <ClCompile Include="src\ModeMessHandler.cpp">
      <Filter>Source Files</Filter>
    </ClCompile>
    <ClCompile Include="src\RulesStorage.cpp">
      <Filter>Source Files</Filter>
    </ClCompile>
    <ClCompile Include="src\SAR.cpp">
      <Filter>Source Files</Filter>
    </ClCompile>
    <ClCompile Include="src\ScriptsReader.cpp">
      <Filter>Source Files</Filter>
    </ClCompile>
    <ClCompile Include="src\GUI\SelectUserDlg.cpp">
      <Filter>Source Files\GUI</Filter>
    </ClCompile>
    <ClCompile Include="src\GUI\SettingsDlgHolder.cpp">
      <Filter>Source Files\GUI</Filter>
    </ClCompile>
    <ClCompile Include="src\SettingsHandler.cpp">
      <Filter>Source Files</Filter>
    </ClCompile>
    <ClCompile Include="src\stdafx.cpp">
      <Filter>Source Files</Filter>
    </ClCompile>
    <ClCompile Include="src\Lua\LuaScript.cpp">
      <Filter>Lua</Filter>
    </ClCompile>
    <ClCompile Include="src\Lua\SarLuaScript.cpp">
      <Filter>Lua</Filter>
    </ClCompile>
    <ClCompile Include="src\Lua\LuaBridge.cpp">
      <Filter>Lua</Filter>
    </ClCompile>
  </ItemGroup>
  <ItemGroup>
    <ClInclude Include="resource.h">
      <Filter>Header Files</Filter>
    </ClInclude>
    <ClInclude Include="src\Interfaces\ISettings.h">
      <Filter>Header Files\Interfaces</Filter>
    </ClInclude>
    <ClInclude Include="src\Interfaces\ISingletone.h">
      <Filter>Header Files\Interfaces</Filter>
    </ClInclude>
    <ClInclude Include="src\ActionsHandler.h">
      <Filter>Header Files</Filter>
    </ClInclude>
    <ClInclude Include="src\GUI\AddRuleDlg.h">
      <Filter>Header Files\GUI</Filter>
    </ClInclude>
    <ClInclude Include="src\AggressiveOptimize.h">
      <Filter>Header Files</Filter>
    </ClInclude>
    <ClInclude Include="src\comfunc.h">
      <Filter>Header Files</Filter>
    </ClInclude>
    <ClInclude Include="src\comlogging.h">
      <Filter>Header Files</Filter>
    </ClInclude>
    <ClInclude Include="src\Crc32Static.h">
      <Filter>Header Files</Filter>
    </ClInclude>
    <ClInclude Include="src\CrushLog.h">
      <Filter>Header Files</Filter>
    </ClInclude>
    <ClInclude Include="src\GUI\EditReplyDlg.h">
      <Filter>Header Files\GUI</Filter>
    </ClInclude>
    <ClInclude Include="src\MessagesHandler.h">
      <Filter>Header Files</Filter>
    </ClInclude>
    <ClInclude Include="src\ModeMessHandler.h">
      <Filter>Header Files</Filter>
    </ClInclude>
    <ClInclude Include="src\GUI\OptionsDlg.h">
      <Filter>Header Files\GUI</Filter>
    </ClInclude>
    <ClInclude Include="src\RuleItem.h">
      <Filter>Header Files</Filter>
    </ClInclude>
    <ClInclude Include="src\RulesStorage.h">
      <Filter>Header Files</Filter>
    </ClInclude>
    <ClInclude Include="src\ScriptsReader.h">
      <Filter>Header Files</Filter>
    </ClInclude>
    <ClInclude Include="src\GUI\SelectUserDlg.h">
      <Filter>Header Files\GUI</Filter>
    </ClInclude>
    <ClInclude Include="src\GUI\SettingsDlgHolder.h">
      <Filter>Header Files\GUI</Filter>
    </ClInclude>
    <ClInclude Include="src\stdafx.h">
      <Filter>Header Files</Filter>
    </ClInclude>
    <ClInclude Include="src\SettingsHandler.h">
      <Filter>Header Files</Filter>
    </ClInclude>
    <ClInclude Include="src\Lua\LuaScript.h">
      <Filter>Lua</Filter>
    </ClInclude>
    <ClInclude Include="src\Lua\SarLuaScript.h">
      <Filter>Lua</Filter>
    </ClInclude>
    <ClInclude Include="src\Lua\LuaBridge.h">
      <Filter>Lua</Filter>
    </ClInclude>
    <ClInclude Include="src\Lua\luainc.h">
      <Filter>Lua</Filter>
    </ClInclude>
    <ClInclude Include="src\WTL\atlres.h">
      <Filter>Header Files\WTL</Filter>
    </ClInclude>
    <ClInclude Include="src\WTL\atluser.h">
      <Filter>Header Files\WTL</Filter>
    </ClInclude>
    <ClInclude Include="src\WTL\atlwinx.h">
      <Filter>Header Files\WTL</Filter>
    </ClInclude>
    <ClInclude Include="src\WTL\atlapp.h">
      <Filter>Header Files\WTL</Filter>
    </ClInclude>
    <ClInclude Include="src\WTL\atlctrls.h">
      <Filter>Header Files\WTL</Filter>
    </ClInclude>
    <ClInclude Include="src\WTL\atlgdi.h">
      <Filter>Header Files\WTL</Filter>
    </ClInclude>
  </ItemGroup>
  <ItemGroup>
    <Filter Include="Lua">
      <UniqueIdentifier>{f3d54a11-21ba-4f12-b8c0-8576228a1625}</UniqueIdentifier>
    </Filter>
    <Filter Include="Header Files">
      <UniqueIdentifier>{9e9e198c-46db-4fb5-95a4-f03104b0590c}</UniqueIdentifier>
    </Filter>
    <Filter Include="Resource Files">
      <UniqueIdentifier>{b66ff8bc-750f-41b2-bbaa-26ca65cc7596}</UniqueIdentifier>
    </Filter>
    <Filter Include="Source Files">
      <UniqueIdentifier>{45291489-3075-490b-a332-d9bef3206349}</UniqueIdentifier>
    </Filter>
    <Filter Include="Source Files\GUI">
      <UniqueIdentifier>{3a555dd2-0f98-4bab-8c07-ebebaf14e197}</UniqueIdentifier>
    </Filter>
    <Filter Include="Header Files\Interfaces">
      <UniqueIdentifier>{fc3a27fc-2062-43a7-8743-c199d3ce0226}</UniqueIdentifier>
    </Filter>
    <Filter Include="Header Files\GUI">
      <UniqueIdentifier>{13c0962f-d4f6-4d25-91d2-1e1d5f5c0873}</UniqueIdentifier>
    </Filter>
    <Filter Include="Header Files\WTL">
      <UniqueIdentifier>{f2294d92-6ed4-43bc-b151-7dd59a65a562}</UniqueIdentifier>
    </Filter>
  </ItemGroup>
  <ItemGroup>
    <ResourceCompile Include="SAR.rc">
      <Filter>Resource Files</Filter>
    </ResourceCompile>
  </ItemGroup>
  <ItemGroup>
    <Image Include="icos\sar.ico">
      <Filter>Resource Files</Filter>
    </Image>
  </ItemGroup>
</Project>