<?xml version="1.0" encoding="utf-8"?>
<Project ToolsVersion="4.0" xmlns="http://schemas.microsoft.com/developer/msbuild/2003">
  <ItemGroup>
    <ClCompile Include="src\ChatHTMLBuilder.cpp">
      <Filter>Source Files</Filter>
    </ClCompile>
    <ClCompile Include="src\HistoryHTMLBuilder.cpp">
      <Filter>Source Files</Filter>
    </ClCompile>
    <ClCompile Include="src\HTMLBuilder.cpp">
      <Filter>Source Files</Filter>
    </ClCompile>
    <ClCompile Include="src\IEView.cpp">
      <Filter>Source Files</Filter>
    </ClCompile>
    <ClCompile Include="src\ieview_main.cpp">
      <Filter>Source Files</Filter>
    </ClCompile>
    <ClCompile Include="src\ieview_services.cpp">
      <Filter>Source Files</Filter>
    </ClCompile>
    <ClCompile Include="src\MUCCHTMLBuilder.cpp">
      <Filter>Source Files</Filter>
    </ClCompile>
    <ClCompile Include="src\Options.cpp">
      <Filter>Source Files</Filter>
    </ClCompile>
    <ClCompile Include="src\ScriverHTMLBuilder.cpp">
      <Filter>Source Files</Filter>
    </ClCompile>
    <ClCompile Include="src\TabSRMMHTMLBuilder.cpp">
      <Filter>Source Files</Filter>
    </ClCompile>
    <ClCompile Include="src\Template.cpp">
      <Filter>Source Files</Filter>
    </ClCompile>
    <ClCompile Include="src\TemplateHTMLBuilder.cpp">
      <Filter>Source Files</Filter>
    </ClCompile>
    <ClCompile Include="src\TextToken.cpp">
      <Filter>Source Files</Filter>
    </ClCompile>
    <ClCompile Include="src\Utils.cpp">
      <Filter>Source Files</Filter>
    </ClCompile>
  </ItemGroup>
  <ItemGroup>
    <ClInclude Include="src\ChatHTMLBuilder.h">
      <Filter>Header Files</Filter>
    </ClInclude>
    <ClInclude Include="src\HistoryHTMLBuilder.h">
      <Filter>Header Files</Filter>
    </ClInclude>
    <ClInclude Include="src\HTMLBuilder.h">
      <Filter>Header Files</Filter>
    </ClInclude>
    <ClInclude Include="src\ieview_common.h">
      <Filter>Header Files</Filter>
    </ClInclude>
    <ClInclude Include="src\ieview_services.h">
      <Filter>Header Files</Filter>
    </ClInclude>
    <ClInclude Include="src\MUCCHTMLBuilder.h">
      <Filter>Header Files</Filter>
    </ClInclude>
    <ClInclude Include="src\Options.h">
      <Filter>Header Files</Filter>
    </ClInclude>
    <ClInclude Include="src\resource.h">
      <Filter>Resource Files</Filter>
    </ClInclude>
    <ClInclude Include="src\TabSRMMHTMLBuilder.h">
      <Filter>Header Files</Filter>
    </ClInclude>
    <ClInclude Include="src\Template.h">
      <Filter>Header Files</Filter>
    </ClInclude>
    <ClInclude Include="src\TemplateHTMLBuilder.h">
      <Filter>Header Files</Filter>
    </ClInclude>
    <ClInclude Include="src\TextToken.h">
      <Filter>Header Files</Filter>
    </ClInclude>
    <ClInclude Include="src\Utils.h">
      <Filter>Header Files</Filter>
    </ClInclude>
    <ClInclude Include="src\ScriverHTMLBuilder.h">
      <Filter>Header Files</Filter>
    </ClInclude>
    <ClInclude Include="src\IEView.h">
      <Filter>Header Files</Filter>
    </ClInclude>
    <ClInclude Include="Version.h">
      <Filter>Header Files</Filter>
    </ClInclude>
  </ItemGroup>
  <ItemGroup>
    <ResourceCompile Include="ieview.rc">
      <Filter>Resource Files</Filter>
    </ResourceCompile>
    <ResourceCompile Include="Version.rc">
      <Filter>Resource Files</Filter>
    </ResourceCompile>
  </ItemGroup>
  <ItemGroup>
    <Filter Include="docs">
      <UniqueIdentifier>{784e016a-c583-4b20-b0a0-c4e753a22e9a}</UniqueIdentifier>
    </Filter>
    <Filter Include="Header Files">
      <UniqueIdentifier>{a22caecb-9324-4caf-b5af-3a5ca17c6da7}</UniqueIdentifier>
    </Filter>
    <Filter Include="Source Files">
      <UniqueIdentifier>{e5f0b260-16f3-4c62-9b5a-3fdc08322307}</UniqueIdentifier>
    </Filter>
    <Filter Include="Resource Files">
      <UniqueIdentifier>{1f310f24-02c0-4bf1-86b7-863a0e4ef830}</UniqueIdentifier>
    </Filter>
    <Filter Include="docs\css">
      <UniqueIdentifier>{1134cdfc-44a2-4d87-881f-617383adb167}</UniqueIdentifier>
    </Filter>
    <Filter Include="Resource Files\Icons">
      <UniqueIdentifier>{325a205b-7f01-4313-84ad-6f4ab93738c3}</UniqueIdentifier>
    </Filter>
  </ItemGroup>
  <ItemGroup>
    <None Include="docs\ieview-templates.txt">
      <Filter>docs</Filter>
    </None>
    <None Include="docs\ieview-translation.txt">
      <Filter>docs</Filter>
    </None>
    <None Include="docs\css\scriver.css">
      <Filter>docs\css</Filter>
    </None>
    <None Include="docs\css\srmm.css">
      <Filter>docs\css</Filter>
    </None>
    <None Include="docs\css\tabsrmm.css">
      <Filter>docs\css</Filter>
    </None>
    <None Include="docs\css\chat.css">
      <Filter>docs\css</Filter>
    </None>
  </ItemGroup>
  <ItemGroup>
    <Text Include="docs\Readme.txt">
      <Filter>docs</Filter>
    </Text>
  </ItemGroup>
  <ItemGroup>
    <Image Include="icos\status.gif">
      <Filter>Resource Files\Icons</Filter>
    </Image>
    <Image Include="icos\topic.gif">
      <Filter>Resource Files\Icons</Filter>
    </Image>
    <Image Include="icos\url.gif">
      <Filter>Resource Files\Icons</Filter>
    </Image>
    <Image Include="icos\action.gif">
      <Filter>Resource Files\Icons</Filter>
    </Image>
    <Image Include="icos\addstatus.gif">
      <Filter>Resource Files\Icons</Filter>
    </Image>
    <Image Include="icos\file.gif">
      <Filter>Resource Files\Icons</Filter>
    </Image>
    <Image Include="icos\group_off.ico">
      <Filter>Resource Files\Icons</Filter>
    </Image>
    <Image Include="icos\group_on.ico">
      <Filter>Resource Files\Icons</Filter>
    </Image>
    <Image Include="icos\info.gif">
      <Filter>Resource Files\Icons</Filter>
    </Image>
    <Image Include="icos\join.gif">
      <Filter>Resource Files\Icons</Filter>
    </Image>
    <Image Include="icos\kick.gif">
      <Filter>Resource Files\Icons</Filter>
    </Image>
    <Image Include="icos\message_in.gif">
      <Filter>Resource Files\Icons</Filter>
    </Image>
    <Image Include="icos\message_in_chat.gif">
      <Filter>Resource Files\Icons</Filter>
    </Image>
    <Image Include="icos\message_out.gif">
      <Filter>Resource Files\Icons</Filter>
    </Image>
    <Image Include="icos\message_out_chat.gif">
      <Filter>Resource Files\Icons</Filter>
    </Image>
    <Image Include="icos\nick.gif">
      <Filter>Resource Files\Icons</Filter>
    </Image>
    <Image Include="icos\notice.gif">
      <Filter>Resource Files\Icons</Filter>
    </Image>
    <Image Include="icos\part.gif">
      <Filter>Resource Files\Icons</Filter>
    </Image>
    <Image Include="icos\quit.gif">
      <Filter>Resource Files\Icons</Filter>
    </Image>
    <Image Include="icos\removestatus.gif">
      <Filter>Resource Files\Icons</Filter>
    </Image>
    <Image Include="icos\rtl_off.ico">
      <Filter>Resource Files\Icons</Filter>
    </Image>
    <Image Include="icos\rtl_on.ico">
      <Filter>Resource Files\Icons</Filter>
    </Image>
  </ItemGroup>
</Project>