<?xml version="1.0" encoding="utf-8"?>
<Project ToolsVersion="4.0" xmlns="http://schemas.microsoft.com/developer/msbuild/2003">
  <ItemGroup>
    <Filter Include="Source Files">
      <UniqueIdentifier>{4FC737F1-C7A5-4376-A066-2A32D752A2FF}</UniqueIdentifier>
      <Extensions>cpp;c;cc;cxx;def;odl;idl;hpj;bat;asm;asmx</Extensions>
    </Filter>
    <Filter Include="Header Files">
      <UniqueIdentifier>{93995380-89BD-4b04-88EB-625FBE52EBFB}</UniqueIdentifier>
      <Extensions>h;hpp;hxx;hm;inl;inc;xsd</Extensions>
    </Filter>
    <Filter Include="Resource Files">
      <UniqueIdentifier>{67DA6AB6-F800-4c08-8B7A-83BB121AAD01}</UniqueIdentifier>
      <Extensions>rc;ico;cur;bmp;dlg;rc2;rct;bin;rgs;gif;jpg;jpeg;jpe;resx;tiff;tif;png;wav</Extensions>
    </Filter>
    <Filter Include="PolarSSL">
      <UniqueIdentifier>{3d2de7ee-a3ca-44b4-a533-decbd2e35467}</UniqueIdentifier>
    </Filter>
  </ItemGroup>
  <ItemGroup>
    <ClCompile Include="polarssl-1.1.1\library\aes.c">
      <Filter>PolarSSL</Filter>
    </ClCompile>
    <ClCompile Include="polarssl-1.1.1\library\ssl_tls.c">
      <Filter>PolarSSL</Filter>
    </ClCompile>
    <ClCompile Include="polarssl-1.1.1\library\arc4.c">
      <Filter>PolarSSL</Filter>
    </ClCompile>
    <ClCompile Include="polarssl-1.1.1\library\base64.c">
      <Filter>PolarSSL</Filter>
    </ClCompile>
    <ClCompile Include="polarssl-1.1.1\library\bignum.c">
      <Filter>PolarSSL</Filter>
    </ClCompile>
    <ClCompile Include="polarssl-1.1.1\library\camellia.c">
      <Filter>PolarSSL</Filter>
    </ClCompile>
    <ClCompile Include="polarssl-1.1.1\library\des.c">
      <Filter>PolarSSL</Filter>
    </ClCompile>
    <ClCompile Include="polarssl-1.1.1\library\dhm.c">
      <Filter>PolarSSL</Filter>
    </ClCompile>
    <ClCompile Include="polarssl-1.1.1\library\havege.c">
      <Filter>PolarSSL</Filter>
    </ClCompile>
    <ClCompile Include="polarssl-1.1.1\library\md.c">
      <Filter>PolarSSL</Filter>
    </ClCompile>
    <ClCompile Include="polarssl-1.1.1\library\md5.c">
      <Filter>PolarSSL</Filter>
    </ClCompile>
    <ClCompile Include="polarssl-1.1.1\library\md_wrap.c">
      <Filter>PolarSSL</Filter>
    </ClCompile>
    <ClCompile Include="polarssl-1.1.1\library\net.c">
      <Filter>PolarSSL</Filter>
    </ClCompile>
    <ClCompile Include="polarssl-1.1.1\library\rsa.c">
      <Filter>PolarSSL</Filter>
    </ClCompile>
    <ClCompile Include="polarssl-1.1.1\library\sha1.c">
      <Filter>PolarSSL</Filter>
    </ClCompile>
    <ClCompile Include="polarssl-1.1.1\library\sha2.c">
      <Filter>PolarSSL</Filter>
    </ClCompile>
    <ClCompile Include="polarssl-1.1.1\library\sha4.c">
      <Filter>PolarSSL</Filter>
    </ClCompile>
    <ClCompile Include="polarssl-1.1.1\library\ssl_cli.c">
      <Filter>PolarSSL</Filter>
    </ClCompile>
    <ClCompile Include="polarssl-1.1.1\library\x509parse.c">
      <Filter>PolarSSL</Filter>
    </ClCompile>
    <ClCompile Include="polarssl-1.1.1\library\asn1parse.c">
      <Filter>PolarSSL</Filter>
    </ClCompile>
    <ClCompile Include="src\sslpl.cpp">
      <Filter>Source Files</Filter>
    </ClCompile>
  </ItemGroup>
  <ItemGroup>
    <ClInclude Include="include\polarssl\config.h">
      <Filter>Header Files</Filter>
    </ClInclude>
  </ItemGroup>
</Project>