<?xml version="1.0" encoding="utf-8"?>
<Project ToolsVersion="4.0" xmlns="http://schemas.microsoft.com/developer/msbuild/2003">
  <ItemGroup>
    <Filter Include="Source Files">
      <UniqueIdentifier>{c25fcbee-83f5-4beb-91c9-d73e0477c5bf}</UniqueIdentifier>
      <Extensions>cpp;c;cxx;rc;def;r;odl;idl;hpj;bat</Extensions>
    </Filter>
    <Filter Include="Header Files">
      <UniqueIdentifier>{4bb4ad90-2481-4874-93c7-33a43291b246}</UniqueIdentifier>
      <Extensions>h;hpp;hxx;hm;inl</Extensions>
    </Filter>
    <Filter Include="Resource Files">
      <UniqueIdentifier>{4a88a619-935e-4a14-94cb-10b092dc8390}</UniqueIdentifier>
      <Extensions>ico;cur;bmp;dlg;rc2;rct;bin;rgs;gif;jpg;jpeg;jpe</Extensions>
    </Filter>
    <Filter Include="Underground">
      <UniqueIdentifier>{67333181-51ad-40e2-bc17-465c86c8a1d8}</UniqueIdentifier>
    </Filter>
    <Filter Include="Underground\docs">
      <UniqueIdentifier>{9e70d8ca-757f-4da2-9667-68976e5745f3}</UniqueIdentifier>
    </Filter>
    <Filter Include="Docs">
      <UniqueIdentifier>{7b0e3b6a-d860-44c4-86b7-94082e142140}</UniqueIdentifier>
    </Filter>
  </ItemGroup>
  <ItemGroup>
    <ClCompile Include="src\weather.c">
      <Filter>Source Files</Filter>
    </ClCompile>
    <ClCompile Include="src\weather_addstn.c">
      <Filter>Source Files</Filter>
    </ClCompile>
    <ClCompile Include="src\weather_contacts.c">
      <Filter>Source Files</Filter>
    </ClCompile>
    <ClCompile Include="src\weather_conv.c">
      <Filter>Source Files</Filter>
    </ClCompile>
    <ClCompile Include="src\weather_data.c">
      <Filter>Source Files</Filter>
    </ClCompile>
    <ClCompile Include="src\weather_popup.c">
      <Filter>Source Files</Filter>
    </ClCompile>
    <ClCompile Include="src\weather_svcs.c">
      <Filter>Source Files</Filter>
    </ClCompile>
    <ClCompile Include="src\weather_update.c">
      <Filter>Source Files</Filter>
    </ClCompile>
    <ClCompile Include="src\weather_userinfo.c">
      <Filter>Source Files</Filter>
    </ClCompile>
    <ClCompile Include="src\weather_http.c">
      <Filter>Source Files</Filter>
    </ClCompile>
    <ClCompile Include="src\weather_icons.c">
      <Filter>Source Files</Filter>
    </ClCompile>
    <ClCompile Include="src\weather_info.c">
      <Filter>Source Files</Filter>
    </ClCompile>
    <ClCompile Include="src\weather_ini.c">
      <Filter>Source Files</Filter>
    </ClCompile>
    <ClCompile Include="src\weather_mwin.c">
      <Filter>Source Files</Filter>
    </ClCompile>
    <ClCompile Include="src\weather_opt.c">
      <Filter>Source Files</Filter>
    </ClCompile>
  </ItemGroup>
  <ItemGroup>
    <ClInclude Include="resource.h">
      <Filter>Header Files</Filter>
    </ClInclude>
    <ClInclude Include="version.h">
      <Filter>Header Files</Filter>
    </ClInclude>
    <ClInclude Include="src\weather.h">
      <Filter>Header Files</Filter>
    </ClInclude>
  </ItemGroup>
  <ItemGroup>
    <None Include="res\brief.ico">
      <Filter>Resource Files</Filter>
    </None>
    <None Include="res\disabled.ico">
      <Filter>Resource Files</Filter>
    </None>
    <None Include="res\edit.ico">
      <Filter>Resource Files</Filter>
    </None>
    <None Include="res\icon.ico">
      <Filter>Resource Files</Filter>
    </None>
    <None Include="res\log.ico">
      <Filter>Resource Files</Filter>
    </None>
    <None Include="res\map.ico">
      <Filter>Resource Files</Filter>
    </None>
    <None Include="res\more.ico">
      <Filter>Resource Files</Filter>
    </None>
    <None Include="res\popup.ico">
      <Filter>Resource Files</Filter>
    </None>
    <None Include="res\popup_no.ico">
      <Filter>Resource Files</Filter>
    </None>
    <None Include="res\update.ico">
      <Filter>Resource Files</Filter>
    </None>
    <None Include="res\update2.ico">
      <Filter>Resource Files</Filter>
    </None>
    <None Include="docs\license.txt">
      <Filter>Docs</Filter>
    </None>
    <None Include="docs\weather-history.txt">
      <Filter>Docs</Filter>
    </None>
    <None Include="docs\weather-readme.html">
      <Filter>Docs</Filter>
    </None>
    <None Include="docs\weather-translation.txt">
      <Filter>Docs</Filter>
    </None>
    <None Include="docs\langpack_defweather.txt">
      <Filter>Docs</Filter>
    </None>
    <None Include="weather underground\wundergrnd_xml.ini">
      <Filter>Underground</Filter>
    </None>
    <None Include="weather underground\wurss.ini">
      <Filter>Underground</Filter>
    </None>
    <None Include="weather underground\wurss_intl.ini">
      <Filter>Underground</Filter>
    </None>
    <None Include="weather underground\wundergrnd.ini">
      <Filter>Underground</Filter>
    </None>
    <None Include="weather underground\wundergrnd_ca.ini">
      <Filter>Underground</Filter>
    </None>
    <None Include="weather underground\wundergrnd_intl.ini">
      <Filter>Underground</Filter>
    </None>
    <None Include="weather underground\doc\wundergrnd-readme.txt">
      <Filter>Underground\docs</Filter>
    </None>
    <None Include="docs\sample_ini.ini">
      <Filter>Docs</Filter>
    </None>
  </ItemGroup>
  <ItemGroup>
    <ResourceCompile Include="resource.rc">
      <Filter>Resource Files</Filter>
    </ResourceCompile>
  </ItemGroup>
</Project>