<?xml version="1.0" encoding="utf-8"?>
<Project ToolsVersion="4.0" xmlns="http://schemas.microsoft.com/developer/msbuild/2003">
  <ItemGroup>
    <Filter Include="Resource Files">
      <UniqueIdentifier>{7030493f-bee0-4484-a196-decb9cfaf89f}</UniqueIdentifier>
      <Extensions>rc;ico;cur;bmp;dlg;rc2;rct;bin;rgs;gif;jpg;jpeg;jpe;resx</Extensions>
    </Filter>
  </ItemGroup>
  <ItemGroup>
    <ClInclude Include="icon_resource.h">
      <Filter>Resource Files</Filter>
    </ClInclude>
  </ItemGroup>
  <ItemGroup>
    <ResourceCompile Include="ICONS.rc">
      <Filter>Resource Files</Filter>
    </ResourceCompile>
  </ItemGroup>
  <ItemGroup>
    <Image Include="icos\icon_statusmenu.ico">
      <Filter>Resource Files</Filter>
    </Image>
    <Image Include="icos\icon_accmgr.ico">
      <Filter>Resource Files</Filter>
    </Image>
    <Image Include="icos\icon_bookmarks.ico">
      <Filter>Resource Files</Filter>
    </Image>
    <Image Include="icos\icon_dbeditor.ico">
      <Filter>Resource Files</Filter>
    </Image>
    <Image Include="icos\icon_find_user.ico">
      <Filter>Resource Files</Filter>
    </Image>
    <Image Include="icos\icon_groups_off.ico">
      <Filter>Resource Files</Filter>
    </Image>
    <Image Include="icos\icon_groups_on.ico">
      <Filter>Resource Files</Filter>
    </Image>
    <Image Include="icos\icon_hideoffline.ico">
      <Filter>Resource Files</Filter>
    </Image>
    <Image Include="icos\icon_mainmenu.ico">
      <Filter>Resource Files</Filter>
    </Image>
    <Image Include="icos\icon_minimize.ico">
      <Filter>Resource Files</Filter>
    </Image>
    <Image Include="icos\icon_options.ico">
      <Filter>Resource Files</Filter>
    </Image>
    <Image Include="icos\icon_showoffline.ico">
      <Filter>Resource Files</Filter>
    </Image>
    <Image Include="icos\icon_sounds_off.ico">
      <Filter>Resource Files</Filter>
    </Image>
    <Image Include="icos\icon_sounds_on.ico">
      <Filter>Resource Files</Filter>
    </Image>
  </ItemGroup>
</Project>