<?xml version="1.0" encoding="utf-8"?>
<Project ToolsVersion="4.0" xmlns="http://schemas.microsoft.com/developer/msbuild/2003">
  <ItemGroup>
    <ClCompile Include="ChatHTMLBuilder.cpp">
      <Filter>Source Files</Filter>
    </ClCompile>
    <ClCompile Include="HistoryHTMLBuilder.cpp">
      <Filter>Source Files</Filter>
    </ClCompile>
    <ClCompile Include="HTMLBuilder.cpp">
      <Filter>Source Files</Filter>
    </ClCompile>
    <ClCompile Include="IEView.cpp">
      <Filter>Source Files</Filter>
    </ClCompile>
    <ClCompile Include="ieview_services.cpp">
      <Filter>Source Files</Filter>
    </ClCompile>
    <ClCompile Include="ieview_main.cpp">
      <Filter>Source Files</Filter>
    </ClCompile>
    <ClCompile Include="MUCCHTMLBuilder.cpp">
      <Filter>Source Files</Filter>
    </ClCompile>
    <ClCompile Include="Options.cpp">
      <Filter>Source Files</Filter>
    </ClCompile>
    <ClCompile Include="ScriverHTMLBuilder.cpp">
      <Filter>Source Files</Filter>
    </ClCompile>
    <ClCompile Include="TabSRMMHTMLBuilder.cpp">
      <Filter>Source Files</Filter>
    </ClCompile>
    <ClCompile Include="TemplateHTMLBuilder.cpp">
      <Filter>Source Files</Filter>
    </ClCompile>
    <ClCompile Include="Template.cpp">
      <Filter>Source Files</Filter>
    </ClCompile>
    <ClCompile Include="TextToken.cpp">
      <Filter>Source Files</Filter>
    </ClCompile>
    <ClCompile Include="Utils.cpp">
      <Filter>Source Files</Filter>
    </ClCompile>
  </ItemGroup>
  <ItemGroup>
    <ClInclude Include="HistoryHTMLBuilder.h">
      <Filter>Header Files</Filter>
    </ClInclude>
    <ClInclude Include="HTMLBuilder.h">
      <Filter>Header Files</Filter>
    </ClInclude>
    <ClInclude Include="ChatHTMLBuilder.h">
      <Filter>Header Files</Filter>
    </ClInclude>
    <ClInclude Include="IEView.h">
      <Filter>Header Files</Filter>
    </ClInclude>
    <ClInclude Include="ieview_common.h">
      <Filter>Header Files</Filter>
    </ClInclude>
    <ClInclude Include="ieview_services.h">
      <Filter>Header Files</Filter>
    </ClInclude>
    <ClInclude Include="..\..\ExternalAPI\m_MathModule.h">
      <Filter>Header Files</Filter>
    </ClInclude>
    <ClInclude Include="MUCCHTMLBuilder.h">
      <Filter>Header Files</Filter>
    </ClInclude>
    <ClInclude Include="Options.h">
      <Filter>Header Files</Filter>
    </ClInclude>
    <ClInclude Include="resource.h">
      <Filter>Resource Files</Filter>
    </ClInclude>
    <ClInclude Include="ScriverHTMLBuilder.h">
      <Filter>Header Files</Filter>
    </ClInclude>
    <ClInclude Include="TabSRMMHTMLBuilder.h">
      <Filter>Header Files</Filter>
    </ClInclude>
    <ClInclude Include="TemplateHTMLBuilder.h">
      <Filter>Header Files</Filter>
    </ClInclude>
    <ClInclude Include="Template.h">
      <Filter>Header Files</Filter>
    </ClInclude>
    <ClInclude Include="TextToken.h">
      <Filter>Header Files</Filter>
    </ClInclude>
    <ClInclude Include="Utils.h">
      <Filter>Header Files</Filter>
    </ClInclude>
    <ClInclude Include="Version.h">
      <Filter>Header Files</Filter>
    </ClInclude>
  </ItemGroup>
  <ItemGroup>
    <ResourceCompile Include="ieview.rc">
      <Filter>Resource Files</Filter>
    </ResourceCompile>
    <ResourceCompile Include="Version.rc">
      <Filter>Resource Files</Filter>
    </ResourceCompile>
  </ItemGroup>
  <ItemGroup>
    <Filter Include="Header Files">
      <UniqueIdentifier>{4b7ddf3e-3169-41d9-8b5c-aafd75820451}</UniqueIdentifier>
    </Filter>
    <Filter Include="Source Files">
      <UniqueIdentifier>{384a1e27-7bc2-409e-97d8-dc41275d2624}</UniqueIdentifier>
    </Filter>
    <Filter Include="Resource Files">
      <UniqueIdentifier>{bd906d23-76b1-43ff-be3b-46d0a1d8d489}</UniqueIdentifier>
    </Filter>
  </ItemGroup>
  <ItemGroup>
    <None Include="ieview_10.vcxproj.filters" />
  </ItemGroup>
</Project>