<?xml version="1.0" encoding="utf-8"?>
<Project ToolsVersion="4.0" xmlns="http://schemas.microsoft.com/developer/msbuild/2003">
  <ItemGroup>
    <Filter Include="Source Files">
      <UniqueIdentifier>{8e0fc457-632a-4af7-b1ef-07e79f4283bd}</UniqueIdentifier>
      <Extensions>cpp;c;cxx;rc;def;r;odl;idl;hpj;bat</Extensions>
    </Filter>
    <Filter Include="Header Files">
      <UniqueIdentifier>{8c6889a2-4933-4198-be5a-b460085e0f0d}</UniqueIdentifier>
      <Extensions>h;hpp;hxx;hm;inl</Extensions>
    </Filter>
    <Filter Include="Resource Files">
      <UniqueIdentifier>{c5545a4e-6cc9-4e0a-90c8-55b21f2510f4}</UniqueIdentifier>
      <Extensions>ico;cur;bmp;dlg;rc2;rct;bin;rgs;gif;jpg;jpeg;jpe</Extensions>
    </Filter>
    <Filter Include="docs">
      <UniqueIdentifier>{5053f2b0-c799-43ae-ac4a-ca14c2628fe5}</UniqueIdentifier>
    </Filter>
    <Filter Include="Resource Files\Icons">
      <UniqueIdentifier>{f00949b8-ddc3-41b7-b0dc-71dee90946d0}</UniqueIdentifier>
    </Filter>
  </ItemGroup>
  <ItemGroup>
    <ClCompile Include="src\bitmap_funcs.cpp">
      <Filter>Source Files</Filter>
    </ClCompile>
    <ClCompile Include="src\filedrop.cpp">
      <Filter>Source Files</Filter>
    </ClCompile>
    <ClCompile Include="src\main.cpp">
      <Filter>Source Files</Filter>
    </ClCompile>
    <ClCompile Include="src\options.cpp">
      <Filter>Source Files</Filter>
    </ClCompile>
    <ClCompile Include="src\thumbs.cpp">
      <Filter>Source Files</Filter>
    </ClCompile>
  </ItemGroup>
  <ItemGroup>
    <ClInclude Include="src\bitmap_funcs.h">
      <Filter>Header Files</Filter>
    </ClInclude>
    <ClInclude Include="src\filedrop.h">
      <Filter>Header Files</Filter>
    </ClInclude>
    <ClInclude Include="fltcont.h">
      <Filter>Header Files</Filter>
    </ClInclude>
    <ClInclude Include="src\stdhdr.h">
      <Filter>Header Files</Filter>
    </ClInclude>
    <ClInclude Include="src\thumbs.h">
      <Filter>Header Files</Filter>
    </ClInclude>
    <ClInclude Include="version.h">
      <Filter>Header Files</Filter>
    </ClInclude>
    <ClInclude Include="resource.h">
      <Filter>Resource Files</Filter>
    </ClInclude>
  </ItemGroup>
  <ItemGroup>
    <ResourceCompile Include="Script.rc">
      <Filter>Resource Files</Filter>
    </ResourceCompile>
    <ResourceCompile Include="version.rc">
      <Filter>Resource Files</Filter>
    </ResourceCompile>
    <ResourceCompile Include="fltcnt.rc">
      <Filter>Resource Files</Filter>
    </ResourceCompile>
  </ItemGroup>
  <ItemGroup>
    <Text Include="docs\fltcontacts_russian_langpack.txt">
      <Filter>docs</Filter>
    </Text>
    <Text Include="docs\Readme.txt">
      <Filter>docs</Filter>
    </Text>
    <Text Include="docs\fltcontacts_langpack.txt">
      <Filter>docs</Filter>
    </Text>
  </ItemGroup>
  <ItemGroup>
    <Image Include="icons\show.ico">
      <Filter>Resource Files\Icons</Filter>
    </Image>
    <Image Include="icons\hide.ico">
      <Filter>Resource Files\Icons</Filter>
    </Image>
    <Image Include="icons\icon1.ico">
      <Filter>Resource Files\Icons</Filter>
    </Image>
    <Image Include="icons\icon2.ico">
      <Filter>Resource Files\Icons</Filter>
    </Image>
  </ItemGroup>
</Project>