
Microsoft Visual Studio Solution File, Format Version 11.00
# Visual Studio 2010
Project("{8BC9CEB8-8B4A-11D0-8D11-00A0C91BC942}") = "new_gpg", "new_gpg.vcxproj", "{F29D0C8D-141A-43CF-86B2-34A04653F8D4}"
EndProject
Global
	GlobalSection(SolutionConfigurationPlatforms) = preSolution
		Debug x64|Win32 = Debug x64|Win32
		Debug x64|x64 = Debug x64|x64
		Debug(service)|Win32 = Debug(service)|Win32
		Debug(service)|x64 = Debug(service)|x64
		Debug|Win32 = Debug|Win32
		Debug|x64 = Debug|x64
		Release Unicode (service only)(static)|Win32 = Release Unicode (service only)(static)|Win32
		Release Unicode (service only)(static)|x64 = Release Unicode (service only)(static)|x64
		Release Unicode (service only)|Win32 = Release Unicode (service only)|Win32
		Release Unicode (service only)|x64 = Release Unicode (service only)|x64
		Release Unicode (static) x64|Win32 = Release Unicode (static) x64|Win32
		Release Unicode (static) x64|x64 = Release Unicode (static) x64|x64
		Release Unicode (static)|Win32 = Release Unicode (static)|Win32
		Release Unicode (static)|x64 = Release Unicode (static)|x64
		Release Unicode|Win32 = Release Unicode|Win32
		Release Unicode|x64 = Release Unicode|x64
	EndGlobalSection
	GlobalSection(ProjectConfigurationPlatforms) = postSolution
		{F29D0C8D-141A-43CF-86B2-34A04653F8D4}.Debug x64|Win32.ActiveCfg = Debug x64|x64
		{F29D0C8D-141A-43CF-86B2-34A04653F8D4}.Debug x64|x64.ActiveCfg = Debug x64|x64
		{F29D0C8D-141A-43CF-86B2-34A04653F8D4}.Debug x64|x64.Build.0 = Debug x64|x64
		{F29D0C8D-141A-43CF-86B2-34A04653F8D4}.Debug(service)|Win32.ActiveCfg = Debug(service)|x64
		{F29D0C8D-141A-43CF-86B2-34A04653F8D4}.Debug(service)|x64.ActiveCfg = Debug(service)|x64
		{F29D0C8D-141A-43CF-86B2-34A04653F8D4}.Debug(service)|x64.Build.0 = Debug(service)|x64
		{F29D0C8D-141A-43CF-86B2-34A04653F8D4}.Debug|Win32.ActiveCfg = Debug|Win32
		{F29D0C8D-141A-43CF-86B2-34A04653F8D4}.Debug|x64.ActiveCfg = Debug|x64
		{F29D0C8D-141A-43CF-86B2-34A04653F8D4}.Debug|x64.Build.0 = Debug|x64
		{F29D0C8D-141A-43CF-86B2-34A04653F8D4}.Release Unicode (service only)(static)|Win32.ActiveCfg = Release Unicode (service only)(static)|x64
		{F29D0C8D-141A-43CF-86B2-34A04653F8D4}.Release Unicode (service only)(static)|x64.ActiveCfg = Release Unicode (service only)(static)|x64
		{F29D0C8D-141A-43CF-86B2-34A04653F8D4}.Release Unicode (service only)(static)|x64.Build.0 = Release Unicode (service only)(static)|x64
		{F29D0C8D-141A-43CF-86B2-34A04653F8D4}.Release Unicode (service only)|Win32.ActiveCfg = Release Unicode (service only)|x64
		{F29D0C8D-141A-43CF-86B2-34A04653F8D4}.Release Unicode (service only)|x64.ActiveCfg = Release Unicode (service only)|x64
		{F29D0C8D-141A-43CF-86B2-34A04653F8D4}.Release Unicode (service only)|x64.Build.0 = Release Unicode (service only)|x64
		{F29D0C8D-141A-43CF-86B2-34A04653F8D4}.Release Unicode (static) x64|Win32.ActiveCfg = Release Unicode (static) x64|x64
		{F29D0C8D-141A-43CF-86B2-34A04653F8D4}.Release Unicode (static) x64|x64.ActiveCfg = Release Unicode (static) x64|x64
		{F29D0C8D-141A-43CF-86B2-34A04653F8D4}.Release Unicode (static) x64|x64.Build.0 = Release Unicode (static) x64|x64
		{F29D0C8D-141A-43CF-86B2-34A04653F8D4}.Release Unicode (static)|Win32.ActiveCfg = Release Unicode (static)|Win32
		{F29D0C8D-141A-43CF-86B2-34A04653F8D4}.Release Unicode (static)|x64.ActiveCfg = Release Unicode (static)|x64
		{F29D0C8D-141A-43CF-86B2-34A04653F8D4}.Release Unicode (static)|x64.Build.0 = Release Unicode (static)|x64
		{F29D0C8D-141A-43CF-86B2-34A04653F8D4}.Release Unicode|Win32.ActiveCfg = Release Unicode|x64
		{F29D0C8D-141A-43CF-86B2-34A04653F8D4}.Release Unicode|x64.ActiveCfg = Release Unicode|x64
		{F29D0C8D-141A-43CF-86B2-34A04653F8D4}.Release Unicode|x64.Build.0 = Release Unicode|x64
	EndGlobalSection
	GlobalSection(SolutionProperties) = preSolution
		HideSolutionNode = FALSE
	EndGlobalSection
EndGlobal
