<?xml version="1.0" encoding="utf-8"?>
<Project ToolsVersion="4.0" xmlns="http://schemas.microsoft.com/developer/msbuild/2003">
  <ItemGroup>
    <None Include="Utility\DukasCopy.py">
      <Filter>Resource Files\Utility</Filter>
    </None>
    <None Include="Utility\Dukascopy.xml">
      <Filter>Resource Files\Utility</Filter>
    </None>
    <None Include="Utility\Google.py">
      <Filter>Resource Files\Utility</Filter>
    </None>
    <None Include="Utility\google.xml">
      <Filter>Resource Files\Utility</Filter>
    </None>
    <None Include="Utility\GoogleFinance.xml">
      <Filter>Resource Files\Utility</Filter>
    </None>
    <None Include="Utility\Yahoo.xml">
      <Filter>Resource Files\Utility</Filter>
    </None>
  </ItemGroup>
  <ItemGroup>
    <ClInclude Include="src\Base64.h">
      <Filter>Header Files</Filter>
    </ClInclude>
    <ClInclude Include="src\Chart.h">
      <Filter>Header Files</Filter>
    </ClInclude>
    <ClInclude Include="src\ComHelper.h">
      <Filter>Header Files</Filter>
    </ClInclude>
    <ClInclude Include="src\CommonOptionDlg.h">
      <Filter>Header Files</Filter>
    </ClInclude>
    <ClInclude Include="src\CreateFilePath.h">
      <Filter>Header Files</Filter>
    </ClInclude>
    <ClInclude Include="src\CurrencyConverter.h">
      <Filter>Header Files</Filter>
    </ClInclude>
    <ClInclude Include="src\DBUtils.h">
      <Filter>Header Files</Filter>
    </ClInclude>
    <ClInclude Include="src\EconomicRateInfo.h">
      <Filter>Header Files</Filter>
    </ClInclude>
    <ClInclude Include="src\ExtraImages.h">
      <Filter>Header Files</Filter>
    </ClInclude>
    <ClInclude Include="src\HTMLParserMS.h">
      <Filter>Header Files</Filter>
    </ClInclude>
    <ClInclude Include="src\HTTPSession.h">
      <Filter>Header Files</Filter>
    </ClInclude>
    <ClInclude Include="src\IconLib.h">
      <Filter>Header Files</Filter>
    </ClInclude>
    <ClInclude Include="src\IHTMLEngine.h">
      <Filter>Header Files</Filter>
    </ClInclude>
    <ClInclude Include="src\IHTMLParser.h">
      <Filter>Header Files</Filter>
    </ClInclude>
    <ClInclude Include="src\ImportExport.h">
      <Filter>Header Files</Filter>
    </ClInclude>
    <ClInclude Include="src\IQuotesProvider.h">
      <Filter>Header Files</Filter>
    </ClInclude>
    <ClInclude Include="src\IsWithinAccuracy.h">
      <Filter>Header Files</Filter>
    </ClInclude>
    <ClInclude Include="src\IXMLEngine.h">
      <Filter>Header Files</Filter>
    </ClInclude>
    <ClInclude Include="src\LightMutex.h">
      <Filter>Header Files</Filter>
    </ClInclude>
    <ClInclude Include="src\Locale.h">
      <Filter>Header Files</Filter>
    </ClInclude>
    <ClInclude Include="src\Log.h">
      <Filter>Header Files</Filter>
    </ClInclude>
    <ClInclude Include="src\ModuleInfo.h">
      <Filter>Header Files</Filter>
    </ClInclude>
    <ClInclude Include="src\OptionDukasCopy.h">
      <Filter>Header Files</Filter>
    </ClInclude>
    <ClInclude Include="src\QuoteChart.h">
      <Filter>Header Files</Filter>
    </ClInclude>
    <ClInclude Include="src\QuoteInfoDlg.h">
      <Filter>Header Files</Filter>
    </ClInclude>
    <ClInclude Include="src\QuotesProviderBase.h">
      <Filter>Header Files</Filter>
    </ClInclude>
    <ClInclude Include="src\QuotesProviderDukasCopy.h">
      <Filter>Header Files</Filter>
    </ClInclude>
    <ClInclude Include="src\QuotesProviderFinance.h">
      <Filter>Header Files</Filter>
    </ClInclude>
    <ClInclude Include="src\QuotesProviderGoogle.h">
      <Filter>Header Files</Filter>
    </ClInclude>
    <ClInclude Include="src\QuotesProviderGoogleFinance.h">
      <Filter>Header Files</Filter>
    </ClInclude>
    <ClInclude Include="src\QuotesProviders.h">
      <Filter>Header Files</Filter>
    </ClInclude>
    <ClInclude Include="src\QuotesProviderVisitor.h">
      <Filter>Header Files</Filter>
    </ClInclude>
    <ClInclude Include="src\QuotesProviderVisitorDbSettings.h">
      <Filter>Header Files</Filter>
    </ClInclude>
    <ClInclude Include="src\QuotesProviderVisitorFormater.h">
      <Filter>Header Files</Filter>
    </ClInclude>
    <ClInclude Include="src\QuotesProviderVisitorFormatSpecificator.h">
      <Filter>Header Files</Filter>
    </ClInclude>
    <ClInclude Include="src\QuotesProviderVisitorTendency.h">
      <Filter>Header Files</Filter>
    </ClInclude>
    <ClInclude Include="src\QuotesProviderYahoo.h">
      <Filter>Header Files</Filter>
    </ClInclude>
    <ClInclude Include="resource.h">
      <Filter>Resource Files</Filter>
    </ClInclude>
    <ClInclude Include="src\SettingsDlg.h">
      <Filter>Header Files</Filter>
    </ClInclude>
    <ClInclude Include="src\stdafx.h">
      <Filter>Header Files</Filter>
    </ClInclude>
    <ClInclude Include="src\targetver.h">
      <Filter>Header Files</Filter>
    </ClInclude>
    <ClInclude Include="version.h">
      <Filter>Header Files</Filter>
    </ClInclude>
    <ClInclude Include="src\WinCtrlHelper.h">
      <Filter>Header Files</Filter>
    </ClInclude>
    <ClInclude Include="src\WorkingThread.h">
      <Filter>Header Files</Filter>
    </ClInclude>
    <ClInclude Include="src\XMLEngineMI.h">
      <Filter>Header Files</Filter>
    </ClInclude>
  </ItemGroup>
  <ItemGroup>
    <ClCompile Include="src\Base64.cpp">
      <Filter>Source Files</Filter>
    </ClCompile>
    <ClCompile Include="src\ComHelper.cpp">
      <Filter>Source Files</Filter>
    </ClCompile>
    <ClCompile Include="src\CommonOptionDlg.cpp">
      <Filter>Source Files</Filter>
    </ClCompile>
    <ClCompile Include="src\CreateFilePath.cpp">
      <Filter>Source Files</Filter>
    </ClCompile>
    <ClCompile Include="src\CurrencyConverter.cpp">
      <Filter>Source Files</Filter>
    </ClCompile>
    <ClCompile Include="src\DBUtils.cpp">
      <Filter>Source Files</Filter>
    </ClCompile>
    <ClCompile Include="src\dllmain.cpp">
      <Filter>Source Files</Filter>
    </ClCompile>
    <ClCompile Include="src\ExtraImages.cpp">
      <Filter>Source Files</Filter>
    </ClCompile>
    <ClCompile Include="src\Forex.cpp">
      <Filter>Source Files</Filter>
    </ClCompile>
    <ClCompile Include="src\HTMLParserMS.cpp">
      <Filter>Source Files</Filter>
    </ClCompile>
    <ClCompile Include="src\HTTPSession.cpp">
      <Filter>Source Files</Filter>
    </ClCompile>
    <ClCompile Include="src\IconLib.cpp">
      <Filter>Source Files</Filter>
    </ClCompile>
    <ClCompile Include="src\ImportExport.cpp">
      <Filter>Source Files</Filter>
    </ClCompile>
    <ClCompile Include="src\LightMutex.cpp">
      <Filter>Source Files</Filter>
    </ClCompile>
    <ClCompile Include="src\Locale.cpp">
      <Filter>Source Files</Filter>
    </ClCompile>
    <ClCompile Include="src\Log.cpp">
      <Filter>Source Files</Filter>
    </ClCompile>
    <ClCompile Include="src\ModuleInfo.cpp">
      <Filter>Source Files</Filter>
    </ClCompile>
    <ClCompile Include="src\OptionDukasCopy.cpp">
      <Filter>Source Files</Filter>
    </ClCompile>
    <ClCompile Include="src\QuoteChart.cpp">
      <Filter>Source Files</Filter>
    </ClCompile>
    <ClCompile Include="src\QuoteInfoDlg.cpp">
      <Filter>Source Files</Filter>
    </ClCompile>
    <ClCompile Include="src\QuotesProviderBase.cpp">
      <Filter>Source Files</Filter>
    </ClCompile>
    <ClCompile Include="src\QuotesProviderDukasCopy.cpp">
      <Filter>Source Files</Filter>
    </ClCompile>
    <ClCompile Include="src\QuotesProviderFinance.cpp">
      <Filter>Source Files</Filter>
    </ClCompile>
    <ClCompile Include="src\QuotesProviderGoogle.cpp">
      <Filter>Source Files</Filter>
    </ClCompile>
    <ClCompile Include="src\QuotesProviderGoogleFinance.cpp">
      <Filter>Source Files</Filter>
    </ClCompile>
    <ClCompile Include="src\QuotesProviders.cpp">
      <Filter>Source Files</Filter>
    </ClCompile>
    <ClCompile Include="src\QuotesProviderVisitorDbSettings.cpp">
      <Filter>Source Files</Filter>
    </ClCompile>
    <ClCompile Include="src\QuotesProviderVisitorFormater.cpp">
      <Filter>Source Files</Filter>
    </ClCompile>
    <ClCompile Include="src\QuotesProviderVisitorFormatSpecificator.cpp">
      <Filter>Source Files</Filter>
    </ClCompile>
    <ClCompile Include="src\QuotesProviderVisitorTendency.cpp">
      <Filter>Source Files</Filter>
    </ClCompile>
    <ClCompile Include="src\QuotesProviderYahoo.cpp">
      <Filter>Source Files</Filter>
    </ClCompile>
    <ClCompile Include="src\SettingsDlg.cpp">
      <Filter>Source Files</Filter>
    </ClCompile>
    <ClCompile Include="src\stdafx.cpp">
      <Filter>Source Files</Filter>
    </ClCompile>
    <ClCompile Include="src\WinCtrlHelper.cpp">
      <Filter>Source Files</Filter>
    </ClCompile>
    <ClCompile Include="src\WorkingThread.cpp">
      <Filter>Source Files</Filter>
    </ClCompile>
    <ClCompile Include="src\XMLEngineMI.cpp">
      <Filter>Source Files</Filter>
    </ClCompile>
  </ItemGroup>
  <ItemGroup>
    <ResourceCompile Include="Quotes.rc">
      <Filter>Resource Files</Filter>
    </ResourceCompile>
    <ResourceCompile Include="Version.rc">
      <Filter>Resource Files</Filter>
    </ResourceCompile>
  </ItemGroup>
  <ItemGroup>
    <Filter Include="Header Files">
      <UniqueIdentifier>{a9eb64fe-62ce-41f5-ba70-3812aaaa67ed}</UniqueIdentifier>
    </Filter>
    <Filter Include="Resource Files">
      <UniqueIdentifier>{1ecc8128-7d00-4dc8-b182-5326205e43cd}</UniqueIdentifier>
    </Filter>
    <Filter Include="Source Files">
      <UniqueIdentifier>{b252a471-05b6-422c-9032-0a3c858f389c}</UniqueIdentifier>
    </Filter>
    <Filter Include="Resource Files\Utility">
      <UniqueIdentifier>{5825f605-e017-4ca5-adbd-2a6d11dbf3cd}</UniqueIdentifier>
    </Filter>
    <Filter Include="Docs">
      <UniqueIdentifier>{ffbd50fc-a2d1-4ee8-9e4a-36ace61ad90d}</UniqueIdentifier>
    </Filter>
    <Filter Include="Resource Files\Icons">
      <UniqueIdentifier>{6cbf0e31-51d8-4890-9539-5cfb0b87a1a5}</UniqueIdentifier>
    </Filter>
  </ItemGroup>
  <ItemGroup>
    <Text Include="Docs\Readme.txt">
      <Filter>Docs</Filter>
    </Text>
  </ItemGroup>
  <ItemGroup>
    <Image Include="res\proto_online.ico">
      <Filter>Resource Files\Icons</Filter>
    </Image>
    <Image Include="res\quote.ico">
      <Filter>Resource Files\Icons</Filter>
    </Image>
    <Image Include="res\Refresh.ico">
      <Filter>Resource Files\Icons</Filter>
    </Image>
    <Image Include="res\Section.ico">
      <Filter>Resource Files\Icons</Filter>
    </Image>
    <Image Include="res\swap.ico">
      <Filter>Resource Files\Icons</Filter>
    </Image>
    <Image Include="res\up.ico">
      <Filter>Resource Files\Icons</Filter>
    </Image>
    <Image Include="res\CurrencyConverter.ico">
      <Filter>Resource Files\Icons</Filter>
    </Image>
    <Image Include="res\down.ico">
      <Filter>Resource Files\Icons</Filter>
    </Image>
    <Image Include="res\Export quotes.ico">
      <Filter>Resource Files\Icons</Filter>
    </Image>
    <Image Include="res\Import quotes.ico">
      <Filter>Resource Files\Icons</Filter>
    </Image>
    <Image Include="res\main.ico">
      <Filter>Resource Files\Icons</Filter>
    </Image>
    <Image Include="res\notchanged.ico">
      <Filter>Resource Files\Icons</Filter>
    </Image>
    <Image Include="res\proto_na.ico">
      <Filter>Resource Files\Icons</Filter>
    </Image>
    <Image Include="res\proto_occupied.ico">
      <Filter>Resource Files\Icons</Filter>
    </Image>
    <Image Include="res\proto_offline.ico">
      <Filter>Resource Files\Icons</Filter>
    </Image>
  </ItemGroup>
</Project>