<?xml version="1.0" encoding="utf-8"?>
<Project ToolsVersion="4.0" xmlns="http://schemas.microsoft.com/developer/msbuild/2003">
  <ItemGroup>
    <Filter Include="Source Files">
      <UniqueIdentifier>{d7337dc1-c9f9-4e95-a4b7-054e7c946350}</UniqueIdentifier>
      <Extensions>cpp;c;cxx;def;odl;idl;hpj;bat;asm</Extensions>
    </Filter>
    <Filter Include="Header Files">
      <UniqueIdentifier>{8766a1dc-c30c-4c20-ae2e-85a0681d37bf}</UniqueIdentifier>
      <Extensions>h;hpp;hxx;hm;inl;inc</Extensions>
    </Filter>
    <Filter Include="Resource Files">
      <UniqueIdentifier>{cd534efc-12a6-41fe-83c5-68a11f7fd03f}</UniqueIdentifier>
      <Extensions>rc;ico;cur;bmp;dlg;rc2;rct;bin;rgs;gif;jpg;jpeg;jpe</Extensions>
    </Filter>
    <Filter Include="XStatus_icons_original">
      <UniqueIdentifier>{3530d924-a611-41f4-8ef8-20ea6bcfeac9}</UniqueIdentifier>
    </Filter>
  </ItemGroup>
  <ItemGroup>
    <ClInclude Include="resource.h">
      <Filter>Header Files</Filter>
    </ClInclude>
  </ItemGroup>
  <ItemGroup>
    <None Include="XStatus_icons\10.ico">
      <Filter>Resource Files</Filter>
    </None>
    <None Include="XStatus_icons\11.ico">
      <Filter>Resource Files</Filter>
    </None>
    <None Include="XStatus_icons\12.ico">
      <Filter>Resource Files</Filter>
    </None>
    <None Include="XStatus_icons\13.ico">
      <Filter>Resource Files</Filter>
    </None>
    <None Include="XStatus_icons\14.ico">
      <Filter>Resource Files</Filter>
    </None>
    <None Include="XStatus_icons\15.ico">
      <Filter>Resource Files</Filter>
    </None>
    <None Include="XStatus_icons\16.ico">
      <Filter>Resource Files</Filter>
    </None>
    <None Include="XStatus_icons\17.ico">
      <Filter>Resource Files</Filter>
    </None>
    <None Include="XStatus_icons\18.ico">
      <Filter>Resource Files</Filter>
    </None>
    <None Include="XStatus_icons\19.ico">
      <Filter>Resource Files</Filter>
    </None>
    <None Include="XStatus_icons\20.ico">
      <Filter>Resource Files</Filter>
    </None>
    <None Include="XStatus_icons\21.ico">
      <Filter>Resource Files</Filter>
    </None>
    <None Include="XStatus_icons\22.ico">
      <Filter>Resource Files</Filter>
    </None>
    <None Include="XStatus_icons\23.ico">
      <Filter>Resource Files</Filter>
    </None>
    <None Include="XStatus_icons\24.ico">
      <Filter>Resource Files</Filter>
    </None>
    <None Include="XStatus_icons\26.ico">
      <Filter>Resource Files</Filter>
    </None>
    <None Include="XStatus_icons\27.ico">
      <Filter>Resource Files</Filter>
    </None>
    <None Include="XStatus_icons\28.ico">
      <Filter>Resource Files</Filter>
    </None>
    <None Include="XStatus_icons\29.ico">
      <Filter>Resource Files</Filter>
    </None>
    <None Include="XStatus_icons\30.ico">
      <Filter>Resource Files</Filter>
    </None>
    <None Include="XStatus_icons\31.ico">
      <Filter>Resource Files</Filter>
    </None>
    <None Include="XStatus_icons\33.ico">
      <Filter>Resource Files</Filter>
    </None>
    <None Include="XStatus_icons\34.ico">
      <Filter>Resource Files</Filter>
    </None>
    <None Include="XStatus_icons\35.ico">
      <Filter>Resource Files</Filter>
    </None>
    <None Include="XStatus_icons\36.ico">
      <Filter>Resource Files</Filter>
    </None>
    <None Include="XStatus_icons\37.ico">
      <Filter>Resource Files</Filter>
    </None>
    <None Include="XStatus_icons\38.ico">
      <Filter>Resource Files</Filter>
    </None>
    <None Include="XStatus_icons\39.ico">
      <Filter>Resource Files</Filter>
    </None>
    <None Include="XStatus_icons\4.ico">
      <Filter>Resource Files</Filter>
    </None>
    <None Include="XStatus_icons\40.ico">
      <Filter>Resource Files</Filter>
    </None>
    <None Include="XStatus_icons\41.ico">
      <Filter>Resource Files</Filter>
    </None>
    <None Include="XStatus_icons\42.ico">
      <Filter>Resource Files</Filter>
    </None>
    <None Include="XStatus_icons\43.ico">
      <Filter>Resource Files</Filter>
    </None>
    <None Include="XStatus_icons\44.ico">
      <Filter>Resource Files</Filter>
    </None>
    <None Include="XStatus_icons\45.ico">
      <Filter>Resource Files</Filter>
    </None>
    <None Include="XStatus_icons\46.ico">
      <Filter>Resource Files</Filter>
    </None>
    <None Include="XStatus_icons\47.ico">
      <Filter>Resource Files</Filter>
    </None>
    <None Include="XStatus_icons\48.ico">
      <Filter>Resource Files</Filter>
    </None>
    <None Include="XStatus_icons\49.ico">
      <Filter>Resource Files</Filter>
    </None>
    <None Include="XStatus_icons\5.ico">
      <Filter>Resource Files</Filter>
    </None>
    <None Include="XStatus_icons\50.ico">
      <Filter>Resource Files</Filter>
    </None>
    <None Include="XStatus_icons\51.ico">
      <Filter>Resource Files</Filter>
    </None>
    <None Include="XStatus_icons\52.ico">
      <Filter>Resource Files</Filter>
    </None>
    <None Include="XStatus_icons\53.ico">
      <Filter>Resource Files</Filter>
    </None>
    <None Include="XStatus_icons\54.ico">
      <Filter>Resource Files</Filter>
    </None>
    <None Include="XStatus_icons\6.ico">
      <Filter>Resource Files</Filter>
    </None>
    <None Include="XStatus_icons\7.ico">
      <Filter>Resource Files</Filter>
    </None>
    <None Include="XStatus_icons\8.ico">
      <Filter>Resource Files</Filter>
    </None>
    <None Include="XStatus_icons\9.ico">
      <Filter>Resource Files</Filter>
    </None>
    <None Include="XStatus_icons\icon1.ico">
      <Filter>Resource Files</Filter>
    </None>
    <None Include="XStatus_icons\unknown.ico">
      <Filter>Resource Files</Filter>
    </None>
    <None Include="XStatus_icons\25.txt">
      <Filter>Resource Files</Filter>
    </None>
    <None Include="XStatus_icons\32.txt">
      <Filter>Resource Files</Filter>
    </None>
    <None Include="XStatus_icons_original\32.txt">
      <Filter>XStatus_icons_original</Filter>
    </None>
    <None Include="XStatus_icons_original\33.ico">
      <Filter>XStatus_icons_original</Filter>
    </None>
    <None Include="XStatus_icons_original\34.ico">
      <Filter>XStatus_icons_original</Filter>
    </None>
    <None Include="XStatus_icons_original\35.ico">
      <Filter>XStatus_icons_original</Filter>
    </None>
    <None Include="XStatus_icons_original\36.ico">
      <Filter>XStatus_icons_original</Filter>
    </None>
    <None Include="XStatus_icons_original\37.ico">
      <Filter>XStatus_icons_original</Filter>
    </None>
    <None Include="XStatus_icons_original\38.ico">
      <Filter>XStatus_icons_original</Filter>
    </None>
    <None Include="XStatus_icons_original\39.ico">
      <Filter>XStatus_icons_original</Filter>
    </None>
    <None Include="XStatus_icons_original\40.ico">
      <Filter>XStatus_icons_original</Filter>
    </None>
    <None Include="XStatus_icons_original\41.ico">
      <Filter>XStatus_icons_original</Filter>
    </None>
    <None Include="XStatus_icons_original\42.ico">
      <Filter>XStatus_icons_original</Filter>
    </None>
    <None Include="XStatus_icons_original\43.ico">
      <Filter>XStatus_icons_original</Filter>
    </None>
    <None Include="XStatus_icons_original\44.ico">
      <Filter>XStatus_icons_original</Filter>
    </None>
    <None Include="XStatus_icons_original\45.ico">
      <Filter>XStatus_icons_original</Filter>
    </None>
    <None Include="XStatus_icons_original\46.ico">
      <Filter>XStatus_icons_original</Filter>
    </None>
    <None Include="XStatus_icons_original\47.ico">
      <Filter>XStatus_icons_original</Filter>
    </None>
    <None Include="XStatus_icons_original\48.ico">
      <Filter>XStatus_icons_original</Filter>
    </None>
    <None Include="XStatus_icons_original\49.ico">
      <Filter>XStatus_icons_original</Filter>
    </None>
    <None Include="XStatus_icons_original\50.ico">
      <Filter>XStatus_icons_original</Filter>
    </None>
    <None Include="XStatus_icons_original\51.ico">
      <Filter>XStatus_icons_original</Filter>
    </None>
    <None Include="XStatus_icons_original\52.ico">
      <Filter>XStatus_icons_original</Filter>
    </None>
    <None Include="XStatus_icons_original\53.ico">
      <Filter>XStatus_icons_original</Filter>
    </None>
    <None Include="XStatus_icons_original\unknown.ico">
      <Filter>XStatus_icons_original</Filter>
    </None>
    <None Include="XStatus_icons_original\4.ico">
      <Filter>XStatus_icons_original</Filter>
    </None>
    <None Include="XStatus_icons_original\5.ico">
      <Filter>XStatus_icons_original</Filter>
    </None>
    <None Include="XStatus_icons_original\6.ico">
      <Filter>XStatus_icons_original</Filter>
    </None>
    <None Include="XStatus_icons_original\7.ico">
      <Filter>XStatus_icons_original</Filter>
    </None>
    <None Include="XStatus_icons_original\8.ico">
      <Filter>XStatus_icons_original</Filter>
    </None>
    <None Include="XStatus_icons_original\9.ico">
      <Filter>XStatus_icons_original</Filter>
    </None>
    <None Include="XStatus_icons_original\10.ico">
      <Filter>XStatus_icons_original</Filter>
    </None>
    <None Include="XStatus_icons_original\11.ico">
      <Filter>XStatus_icons_original</Filter>
    </None>
    <None Include="XStatus_icons_original\12.ico">
      <Filter>XStatus_icons_original</Filter>
    </None>
    <None Include="XStatus_icons_original\13.ico">
      <Filter>XStatus_icons_original</Filter>
    </None>
    <None Include="XStatus_icons_original\14.ico">
      <Filter>XStatus_icons_original</Filter>
    </None>
    <None Include="XStatus_icons_original\15.ico">
      <Filter>XStatus_icons_original</Filter>
    </None>
    <None Include="XStatus_icons_original\16.ico">
      <Filter>XStatus_icons_original</Filter>
    </None>
    <None Include="XStatus_icons_original\17.ico">
      <Filter>XStatus_icons_original</Filter>
    </None>
    <None Include="XStatus_icons_original\18.ico">
      <Filter>XStatus_icons_original</Filter>
    </None>
    <None Include="XStatus_icons_original\19.ico">
      <Filter>XStatus_icons_original</Filter>
    </None>
    <None Include="XStatus_icons_original\20.ico">
      <Filter>XStatus_icons_original</Filter>
    </None>
    <None Include="XStatus_icons_original\21.ico">
      <Filter>XStatus_icons_original</Filter>
    </None>
    <None Include="XStatus_icons_original\22.ico">
      <Filter>XStatus_icons_original</Filter>
    </None>
    <None Include="XStatus_icons_original\23.ico">
      <Filter>XStatus_icons_original</Filter>
    </None>
    <None Include="XStatus_icons_original\24.ico">
      <Filter>XStatus_icons_original</Filter>
    </None>
    <None Include="XStatus_icons_original\25.txt">
      <Filter>XStatus_icons_original</Filter>
    </None>
    <None Include="XStatus_icons_original\26.ico">
      <Filter>XStatus_icons_original</Filter>
    </None>
    <None Include="XStatus_icons_original\27.ico">
      <Filter>XStatus_icons_original</Filter>
    </None>
    <None Include="XStatus_icons_original\28.ico">
      <Filter>XStatus_icons_original</Filter>
    </None>
    <None Include="XStatus_icons_original\29.ico">
      <Filter>XStatus_icons_original</Filter>
    </None>
    <None Include="XStatus_icons_original\30.ico">
      <Filter>XStatus_icons_original</Filter>
    </None>
    <None Include="XStatus_icons_original\31.ico">
      <Filter>XStatus_icons_original</Filter>
    </None>
  </ItemGroup>
  <ItemGroup>
    <ResourceCompile Include="xstatus_MRA.rc">
      <Filter>Resource Files</Filter>
    </ResourceCompile>
  </ItemGroup>
</Project>