<?xml version="1.0" encoding="utf-8"?>
<Project ToolsVersion="4.0" xmlns="http://schemas.microsoft.com/developer/msbuild/2003">
  <ItemGroup>
    <ClCompile Include="ActionsHandler.cpp" />
    <ClCompile Include="LuaBridge.cpp" />
    <ClCompile Include="LuaScript.cpp" />
    <ClCompile Include="SAR.cpp" />
    <ClCompile Include="comfunc.cpp" />
    <ClCompile Include="Crc32Static.cpp" />
    <ClCompile Include="CrushLog.cpp" />
    <ClCompile Include="MessagesHandler.cpp" />
    <ClCompile Include="ModeMessHandler.cpp" />
    <ClCompile Include="RulesStorage.cpp" />
    <ClCompile Include="SarLuaScript.cpp" />
    <ClCompile Include="ScriptsReader.cpp" />
    <ClCompile Include="SettingsHandler.cpp" />
    <ClCompile Include="stdafx.cpp" />
    <ClCompile Include="Gui\AddRuleDlg.cpp" />
    <ClCompile Include="Gui\EditReplyDlg.cpp" />
    <ClCompile Include="Gui\OptionsDlg.cpp" />
    <ClCompile Include="Gui\SelectUserDlg.cpp" />
    <ClCompile Include="Gui\SettingsDlgHolder.cpp" />
  </ItemGroup>
  <ItemGroup>
    <ClInclude Include="resource.h">
      <Filter>Header Files</Filter>
    </ClInclude>
    <ClInclude Include="ActionsHandler.h" />
    <ClInclude Include="comfunc.h" />
    <ClInclude Include="comlogging.h" />
    <ClInclude Include="Crc32Static.h" />
    <ClInclude Include="CrushLog.h" />
    <ClInclude Include="LuaBridge.h" />
    <ClInclude Include="luainc.h" />
    <ClInclude Include="LuaScript.h" />
    <ClInclude Include="MessagesHandler.h" />
    <ClInclude Include="ModeMessHandler.h" />
    <ClInclude Include="RuleItem.h" />
    <ClInclude Include="RulesStorage.h" />
    <ClInclude Include="SarLuaScript.h" />
    <ClInclude Include="ScriptsReader.h" />
    <ClInclude Include="SettingsHandler.h" />
    <ClInclude Include="stdafx.h" />
    <ClInclude Include="Gui\AddRuleDlg.h" />
    <ClInclude Include="Gui\EditReplyDlg.h" />
    <ClInclude Include="Gui\OptionsDlg.h" />
    <ClInclude Include="Gui\SelectUserDlg.h" />
    <ClInclude Include="Gui\SettingsDlgHolder.h" />
    <ClInclude Include="Interfaces\ISettings.h" />
    <ClInclude Include="Interfaces\ISingletone.h" />
  </ItemGroup>
  <ItemGroup>
    <Filter Include="Lua">
      <UniqueIdentifier>{f3d54a11-21ba-4f12-b8c0-8576228a1625}</UniqueIdentifier>
    </Filter>
    <Filter Include="Header Files">
      <UniqueIdentifier>{9e9e198c-46db-4fb5-95a4-f03104b0590c}</UniqueIdentifier>
    </Filter>
    <Filter Include="Resource Files">
      <UniqueIdentifier>{b66ff8bc-750f-41b2-bbaa-26ca65cc7596}</UniqueIdentifier>
    </Filter>
    <Filter Include="Source Files">
      <UniqueIdentifier>{45291489-3075-490b-a332-d9bef3206349}</UniqueIdentifier>
    </Filter>
    <Filter Include="Source Files\GUI">
      <UniqueIdentifier>{3a555dd2-0f98-4bab-8c07-ebebaf14e197}</UniqueIdentifier>
    </Filter>
    <Filter Include="Header Files\Interfaces">
      <UniqueIdentifier>{fc3a27fc-2062-43a7-8743-c199d3ce0226}</UniqueIdentifier>
    </Filter>
    <Filter Include="Header Files\GUI">
      <UniqueIdentifier>{13c0962f-d4f6-4d25-91d2-1e1d5f5c0873}</UniqueIdentifier>
    </Filter>
    <Filter Include="Header Files\WTL">
      <UniqueIdentifier>{f2294d92-6ed4-43bc-b151-7dd59a65a562}</UniqueIdentifier>
    </Filter>
  </ItemGroup>
  <ItemGroup>
    <ResourceCompile Include="SAR.rc">
      <Filter>Resource Files</Filter>
    </ResourceCompile>
  </ItemGroup>
  <ItemGroup>
    <None Include="sar.ico" />
  </ItemGroup>
</Project>