<?xml version="1.0" encoding="utf-8"?>
<Project ToolsVersion="4.0" xmlns="http://schemas.microsoft.com/developer/msbuild/2003">
  <ItemGroup>
    <ClCompile Include="UI\askauthentication.cpp">
      <Filter>Source Files</Filter>
    </ClCompile>
    <ClCompile Include="capabilities.cpp">
      <Filter>Source Files</Filter>
    </ClCompile>
    <ClCompile Include="chan_01login.cpp">
      <Filter>Source Files</Filter>
    </ClCompile>
    <ClCompile Include="chan_02data.cpp">
      <Filter>Source Files</Filter>
    </ClCompile>
    <ClCompile Include="chan_03error.cpp">
      <Filter>Source Files</Filter>
    </ClCompile>
    <ClCompile Include="chan_04close.cpp">
      <Filter>Source Files</Filter>
    </ClCompile>
    <ClCompile Include="chan_05ping.cpp">
      <Filter>Source Files</Filter>
    </ClCompile>
    <ClCompile Include="changeinfo\constants.cpp">
      <Filter>Source Files</Filter>
    </ClCompile>
    <ClCompile Include="cookies.cpp">
      <Filter>Source Files</Filter>
    </ClCompile>
    <ClCompile Include="changeinfo\db.cpp">
      <Filter>Source Files</Filter>
    </ClCompile>
    <ClCompile Include="directpackets.cpp">
      <Filter>Source Files</Filter>
    </ClCompile>
    <ClCompile Include="changeinfo\dlgproc.cpp">
      <Filter>Source Files</Filter>
    </ClCompile>
    <ClCompile Include="changeinfo\editlist.cpp">
      <Filter>Source Files</Filter>
    </ClCompile>
    <ClCompile Include="changeinfo\editstring.cpp">
      <Filter>Source Files</Filter>
    </ClCompile>
    <ClCompile Include="fam_01service.cpp">
      <Filter>Source Files</Filter>
    </ClCompile>
    <ClCompile Include="fam_02location.cpp">
      <Filter>Source Files</Filter>
    </ClCompile>
    <ClCompile Include="fam_03buddy.cpp">
      <Filter>Source Files</Filter>
    </ClCompile>
    <ClCompile Include="fam_04message.cpp">
      <Filter>Source Files</Filter>
    </ClCompile>
    <ClCompile Include="fam_09bos.cpp">
      <Filter>Source Files</Filter>
    </ClCompile>
    <ClCompile Include="fam_0alookup.cpp">
      <Filter>Source Files</Filter>
    </ClCompile>
    <ClCompile Include="fam_0bstatus.cpp">
      <Filter>Source Files</Filter>
    </ClCompile>
    <ClCompile Include="fam_13servclist.cpp">
      <Filter>Source Files</Filter>
    </ClCompile>
    <ClCompile Include="fam_15icqserver.cpp">
      <Filter>Source Files</Filter>
    </ClCompile>
    <ClCompile Include="fam_17signon.cpp">
      <Filter>Source Files</Filter>
    </ClCompile>
    <ClCompile Include="iconlib.cpp">
      <Filter>Source Files</Filter>
    </ClCompile>
    <ClCompile Include="i18n.cpp">
      <Filter>Source Files</Filter>
    </ClCompile>
    <ClCompile Include="icq_advsearch.cpp">
      <Filter>Source Files</Filter>
    </ClCompile>
    <ClCompile Include="icq_avatar.cpp">
      <Filter>Source Files</Filter>
    </ClCompile>
    <ClCompile Include="icq_caps_list.cpp">
      <Filter>Source Files</Filter>
    </ClCompile>
    <ClCompile Include="icq_clients.cpp">
      <Filter>Source Files</Filter>
    </ClCompile>
    <ClCompile Include="icq_db.cpp">
      <Filter>Source Files</Filter>
    </ClCompile>
    <ClCompile Include="icq_direct.cpp">
      <Filter>Source Files</Filter>
    </ClCompile>
    <ClCompile Include="icq_directmsg.cpp">
      <Filter>Source Files</Filter>
    </ClCompile>
    <ClCompile Include="icq_fieldnames.cpp">
      <Filter>Source Files</Filter>
    </ClCompile>
    <ClCompile Include="icq_filerequests.cpp">
      <Filter>Source Files</Filter>
    </ClCompile>
    <ClCompile Include="icq_filetransfer.cpp">
      <Filter>Source Files</Filter>
    </ClCompile>
    <ClCompile Include="icq_firstrun.cpp">
      <Filter>Source Files</Filter>
    </ClCompile>
    <ClCompile Include="icq_http.cpp">
      <Filter>Source Files</Filter>
    </ClCompile>
    <ClCompile Include="icq_infoupdate.cpp">
      <Filter>Source Files</Filter>
    </ClCompile>
    <ClCompile Include="icq_opts.cpp">
      <Filter>Source Files</Filter>
    </ClCompile>
    <ClCompile Include="icq_packet.cpp">
      <Filter>Source Files</Filter>
    </ClCompile>
    <ClCompile Include="icq_popups.cpp">
      <Filter>Source Files</Filter>
    </ClCompile>
    <ClCompile Include="icq_qipstatus.cpp">
      <Filter>Source Files</Filter>
    </ClCompile>
    <ClCompile Include="icq_rates.cpp">
      <Filter>Source Files</Filter>
    </ClCompile>
    <ClCompile Include="icq_reguin.cpp">
      <Filter>Source Files</Filter>
    </ClCompile>
    <ClCompile Include="icq_server.cpp">
      <Filter>Source Files</Filter>
    </ClCompile>
    <ClCompile Include="icq_servlist.cpp">
      <Filter>Source Files</Filter>
    </ClCompile>
    <ClCompile Include="icq_srv_list.cpp">
      <Filter>Source Files</Filter>
    </ClCompile>
    <ClCompile Include="icq_tzers.cpp">
      <Filter>Source Files</Filter>
    </ClCompile>
    <ClCompile Include="icq_uploadui.cpp">
      <Filter>Source Files</Filter>
    </ClCompile>
    <ClCompile Include="icq_xstatus.cpp">
      <Filter>Source Files</Filter>
    </ClCompile>
    <ClCompile Include="icq_xtraz.cpp">
      <Filter>Source Files</Filter>
    </ClCompile>
    <ClCompile Include="icqosc_svcs.cpp">
      <Filter>Source Files</Filter>
    </ClCompile>
    <ClCompile Include="icqoscar.cpp">
      <Filter>Source Files</Filter>
    </ClCompile>
    <ClCompile Include="init.cpp">
      <Filter>Source Files</Filter>
    </ClCompile>
    <ClCompile Include="isee.cpp">
      <Filter>Source Files</Filter>
    </ClCompile>
    <ClCompile Include="log.cpp">
      <Filter>Source Files</Filter>
    </ClCompile>
    <ClCompile Include="UI\loginpassword.cpp">
      <Filter>Source Files</Filter>
    </ClCompile>
    <ClCompile Include="changeinfo\main.cpp">
      <Filter>Source Files</Filter>
    </ClCompile>
    <ClCompile Include="oscar_filetransfer.cpp">
      <Filter>Source Files</Filter>
    </ClCompile>
    <ClCompile Include="stdpackets.cpp">
      <Filter>Source Files</Filter>
    </ClCompile>
    <ClCompile Include="tlv.cpp">
      <Filter>Source Files</Filter>
    </ClCompile>
    <ClCompile Include="changeinfo\upload.cpp">
      <Filter>Source Files</Filter>
    </ClCompile>
    <ClCompile Include="UI\userinfotab.cpp">
      <Filter>Source Files</Filter>
    </ClCompile>
    <ClCompile Include="utilities.cpp">
      <Filter>Source Files</Filter>
    </ClCompile>
    <ClCompile Include="IcqProto.cpp" />
  </ItemGroup>
  <ItemGroup>
    <ClInclude Include="UI\askauthentication.h">
      <Filter>Header Files</Filter>
    </ClInclude>
    <ClInclude Include="capabilities.h">
      <Filter>Header Files</Filter>
    </ClInclude>
    <ClInclude Include="changeinfo\changeinfo.h">
      <Filter>Header Files</Filter>
    </ClInclude>
    <ClInclude Include="channels.h">
      <Filter>Header Files</Filter>
    </ClInclude>
    <ClInclude Include="cookies.h">
      <Filter>Header Files</Filter>
    </ClInclude>
    <ClInclude Include="directpackets.h">
      <Filter>Header Files</Filter>
    </ClInclude>
    <ClInclude Include="families.h">
      <Filter>Header Files</Filter>
    </ClInclude>
    <ClInclude Include="globals.h">
      <Filter>Header Files</Filter>
    </ClInclude>
    <ClInclude Include="guids.h">
      <Filter>Header Files</Filter>
    </ClInclude>
    <ClInclude Include="i18n.h">
      <Filter>Header Files</Filter>
    </ClInclude>
    <ClInclude Include="iconlib.h">
      <Filter>Header Files</Filter>
    </ClInclude>
    <ClInclude Include="icq_advsearch.h">
      <Filter>Header Files</Filter>
    </ClInclude>
    <ClInclude Include="icqoscar.h">
      <Filter>Header Files</Filter>
    </ClInclude>
    <ClInclude Include="icq_avatar.h">
      <Filter>Header Files</Filter>
    </ClInclude>
    <ClInclude Include="icq_constants.h">
      <Filter>Header Files</Filter>
    </ClInclude>
    <ClInclude Include="icq_db.h">
      <Filter>Header Files</Filter>
    </ClInclude>
    <ClInclude Include="icq_direct.h">
      <Filter>Header Files</Filter>
    </ClInclude>
    <ClInclude Include="icq_fieldnames.h">
      <Filter>Header Files</Filter>
    </ClInclude>
    <ClInclude Include="icq_filetransfer.h">
      <Filter>Header Files</Filter>
    </ClInclude>
    <ClInclude Include="icq_http.h">
      <Filter>Header Files</Filter>
    </ClInclude>
    <ClInclude Include="icq_infoupdate.h">
      <Filter>Header Files</Filter>
    </ClInclude>
    <ClInclude Include="icq_opts.h">
      <Filter>Header Files</Filter>
    </ClInclude>
    <ClInclude Include="icq_packet.h">
      <Filter>Header Files</Filter>
    </ClInclude>
    <ClInclude Include="icq_popups.h">
      <Filter>Header Files</Filter>
    </ClInclude>
    <ClInclude Include="icq_qipstatus.h">
      <Filter>Header Files</Filter>
    </ClInclude>
    <ClInclude Include="icq_rates.h">
      <Filter>Header Files</Filter>
    </ClInclude>
    <ClInclude Include="icq_server.h">
      <Filter>Header Files</Filter>
    </ClInclude>
    <ClInclude Include="icq_servlist.h">
      <Filter>Header Files</Filter>
    </ClInclude>
    <ClInclude Include="icq_tzers.h">
      <Filter>Header Files</Filter>
    </ClInclude>
    <ClInclude Include="icq_uploadui.h">
      <Filter>Header Files</Filter>
    </ClInclude>
    <ClInclude Include="icq_xtraz.h">
      <Filter>Header Files</Filter>
    </ClInclude>
    <ClInclude Include="icqosc_svcs.h">
      <Filter>Header Files</Filter>
    </ClInclude>
    <ClInclude Include="init.h">
      <Filter>Header Files</Filter>
    </ClInclude>
    <ClInclude Include="resource.h">
      <Filter>Header Files</Filter>
    </ClInclude>
    <ClInclude Include="isee.h">
      <Filter>Header Files</Filter>
    </ClInclude>
    <ClInclude Include="log.h">
      <Filter>Header Files</Filter>
    </ClInclude>
    <ClInclude Include="UI\loginpassword.h">
      <Filter>Header Files</Filter>
    </ClInclude>
    <ClInclude Include="m_folders.h">
      <Filter>Header Files</Filter>
    </ClInclude>
    <ClInclude Include="m_icq.h">
      <Filter>Header Files</Filter>
    </ClInclude>
    <ClInclude Include="m_icqplus.h">
      <Filter>Header Files</Filter>
    </ClInclude>
    <ClInclude Include="m_updater.h">
      <Filter>Header Files</Filter>
    </ClInclude>
    <ClInclude Include="oscar_filetransfer.h">
      <Filter>Header Files</Filter>
    </ClInclude>
    <ClInclude Include="stdpackets.h">
      <Filter>Header Files</Filter>
    </ClInclude>
    <ClInclude Include="utilities.h">
      <Filter>Header Files</Filter>
    </ClInclude>
    <ClInclude Include="tlv.h">
      <Filter>Header Files</Filter>
    </ClInclude>
    <ClInclude Include="UI\userinfotab.h">
      <Filter>Header Files</Filter>
    </ClInclude>
    <ClInclude Include="IcqProto.h" />
  </ItemGroup>
  <ItemGroup>
    <None Include="docs\icq-readme.txt" />
    <None Include="docs\IcqOscarJ-db settings.txt" />
    <None Include="docs\IcqOscarJ-translation.txt" />
    <None Include="icos\arrow.ico">
      <Filter>Resource Files</Filter>
    </None>
    <None Include="icos\dot.ico">
      <Filter>Resource Files</Filter>
    </None>
    <None Include="icos\auth_ask.ico">
      <Filter>Resource Files</Filter>
    </None>
    <None Include="icos\auth_grant.ico">
      <Filter>Resource Files</Filter>
    </None>
    <None Include="icos\auth_revoke.ico">
      <Filter>Resource Files</Filter>
    </None>
    <None Include="icos\check.ico">
      <Filter>Resource Files</Filter>
    </None>
    <None Include="icos\dc.ICO">
      <Filter>Resource Files</Filter>
    </None>
    <None Include="icos\hidden.ico">
      <Filter>Resource Files</Filter>
    </None>
    <None Include="icos\icon1.ico">
      <Filter>Resource Files</Filter>
    </None>
    <None Include="changeinfo\expandst.ico">
      <Filter>Resource Files</Filter>
    </None>
    <None Include="icos\icq.ico">
      <Filter>Resource Files</Filter>
    </None>
    <None Include="icos\list.ico">
      <Filter>Resource Files</Filter>
    </None>
    <None Include="icos\pause.ico">
      <Filter>Resource Files</Filter>
    </None>
    <None Include="icos\privacy.ico">
      <Filter>Resource Files</Filter>
    </None>
    <None Include="icos\server_ignore.ico">
      <Filter>Resource Files</Filter>
    </None>
    <None Include="icos\set_invis.ico">
      <Filter>Resource Files</Filter>
    </None>
    <None Include="icos\set_vis.ico">
      <Filter>Resource Files</Filter>
    </None>
    <None Include="icos\srvlist.ico">
      <Filter>Resource Files</Filter>
    </None>
    <None Include="icos\srvlist_add.ico">
      <Filter>Resource Files</Filter>
    </None>
    <None Include="icos\start.ico">
      <Filter>Resource Files</Filter>
    </None>
    <None Include="icos\stop.ico">
      <Filter>Resource Files</Filter>
    </None>
    <None Include="icos\tzer.ico">
      <Filter>Resource Files</Filter>
    </None>
    <None Include="icos\incognito_request.ico">
      <Filter>Resource Files</Filter>
    </None>
    <None Include="icos\scan.ico">
      <Filter>Resource Files</Filter>
    </None>
  </ItemGroup>
  <ItemGroup>
    <Filter Include="Header Files">
      <UniqueIdentifier>{ee60db63-5d5d-4d95-ae58-9778c0940f42}</UniqueIdentifier>
    </Filter>
    <Filter Include="Source Files">
      <UniqueIdentifier>{7029b1a9-8974-48df-a48e-028bf9956474}</UniqueIdentifier>
    </Filter>
    <Filter Include="Resource Files">
      <UniqueIdentifier>{f6b9e609-8e83-4f26-8c80-c108d546f30c}</UniqueIdentifier>
    </Filter>
  </ItemGroup>
  <ItemGroup>
    <ResourceCompile Include="resources.rc">
      <Filter>Resource Files</Filter>
    </ResourceCompile>
  </ItemGroup>
</Project>